
Microsoft Visual Studio Solution File, Format Version 12.00
# Visual Studio Version 17
VisualStudioVersion = 17.5.2.0
MinimumVisualStudioVersion = 10.0.40219.1
Project("{2150E333-8FDC-42A3-9474-1A3956D46DE8}") = "framework", "framework", "{9A0CCAB9-4303-13B4-2371-F1B97FF5B728}"
EndProject
Project("{FAE04EC0-301F-11D3-BF4B-00C04F79EFBC}") = "Swap.Htmx", "lib\Swap.Htmx\Swap.Htmx.csproj", "{39992254-BA73-424B-B16B-CBCB5847B522}"
EndProject
Project("{FAE04EC0-301F-11D3-BF4B-00C04F79EFBC}") = "Swap.Htmx.Realtime", "lib\Swap.Htmx.Realtime\Swap.Htmx.Realtime.csproj", "{6C4B2A4D-6E31-4A88-A1C1-8A3BB9E56A8D}"
EndProject
Project("{FAE04EC0-301F-11D3-BF4B-00C04F79EFBC}") = "Swap.Htmx.Realtime.Redis", "lib\Swap.Htmx.Realtime.Redis\Swap.Htmx.Realtime.Redis.csproj", "{1E78D2C1-62D4-4A0E-8B60-3E76DFB9B7B5}"
EndProject
Project("{FAE04EC0-301F-11D3-BF4B-00C04F79EFBC}") = "Swap.Htmx.Tests", "lib\Swap.Htmx.Tests\Swap.Htmx.Tests.csproj", "{12C11CCA-3DAC-4ABF-B5D7-D6EC21CB60ED}"
EndProject
Project("{FAE04EC0-301F-11D3-BF4B-00C04F79EFBC}") = "Swap.Testing", "lib\Swap.Testing\Swap.Testing.csproj", "{AF46FF94-C92A-413A-8ABF-4F7BF7AA2BE5}"
EndProject
Project("{FAE04EC0-301F-11D3-BF4B-00C04F79EFBC}") = "Swap.Htmx.Generators", "framework\Swap.Htmx.Generators\Swap.Htmx.Generators.csproj", "{DB6E16AE-0F09-421B-864C-AAB383402607}"
EndProject
Project("{FAE04EC0-301F-11D3-BF4B-00C04F79EFBC}") = "Swap.Htmx.Generators.Tests", "framework\Swap.Htmx.Generators.Tests\Swap.Htmx.Generators.Tests.csproj", "{E6098777-CCCE-4E68-81FD-E33A8EBE41F0}"
EndProject
Global
	GlobalSection(SolutionConfigurationPlatforms) = preSolution
		Debug|Any CPU = Debug|Any CPU
		Debug|x64 = Debug|x64
		Debug|x86 = Debug|x86
		Release|Any CPU = Release|Any CPU
		Release|x64 = Release|x64
		Release|x86 = Release|x86
	EndGlobalSection
	GlobalSection(ProjectConfigurationPlatforms) = postSolution
		{39992254-BA73-424B-B16B-CBCB5847B522}.Debug|Any CPU.ActiveCfg = Debug|Any CPU
		{39992254-BA73-424B-B16B-CBCB5847B522}.Debug|Any CPU.Build.0 = Debug|Any CPU
		{39992254-BA73-424B-B16B-CBCB5847B522}.Debug|x64.ActiveCfg = Debug|Any CPU
		{39992254-BA73-424B-B16B-CBCB5847B522}.Debug|x64.Build.0 = Debug|Any CPU
		{39992254-BA73-424B-B16B-CBCB5847B522}.Debug|x86.ActiveCfg = Debug|Any CPU
		{39992254-BA73-424B-B16B-CBCB5847B522}.Debug|x86.Build.0 = Debug|Any CPU
		{39992254-BA73-424B-B16B-CBCB5847B522}.Release|Any CPU.ActiveCfg = Release|Any CPU
		{39992254-BA73-424B-B16B-CBCB5847B522}.Release|Any CPU.Build.0 = Release|Any CPU
		{39992254-BA73-424B-B16B-CBCB5847B522}.Release|x64.ActiveCfg = Release|Any CPU
		{39992254-BA73-424B-B16B-CBCB5847B522}.Release|x64.Build.0 = Release|Any CPU
		{39992254-BA73-424B-B16B-CBCB5847B522}.Release|x86.ActiveCfg = Release|Any CPU
		{39992254-BA73-424B-B16B-CBCB5847B522}.Release|x86.Build.0 = Release|Any CPU
		{6C4B2A4D-6E31-4A88-A1C1-8A3BB9E56A8D}.Debug|Any CPU.ActiveCfg = Debug|Any CPU
		{6C4B2A4D-6E31-4A88-A1C1-8A3BB9E56A8D}.Debug|Any CPU.Build.0 = Debug|Any CPU
		{6C4B2A4D-6E31-4A88-A1C1-8A3BB9E56A8D}.Debug|x64.ActiveCfg = Debug|Any CPU
		{6C4B2A4D-6E31-4A88-A1C1-8A3BB9E56A8D}.Debug|x64.Build.0 = Debug|Any CPU
		{6C4B2A4D-6E31-4A88-A1C1-8A3BB9E56A8D}.Debug|x86.ActiveCfg = Debug|Any CPU
		{6C4B2A4D-6E31-4A88-A1C1-8A3BB9E56A8D}.Debug|x86.Build.0 = Debug|Any CPU
		{6C4B2A4D-6E31-4A88-A1C1-8A3BB9E56A8D}.Release|Any CPU.ActiveCfg = Release|Any CPU
		{6C4B2A4D-6E31-4A88-A1C1-8A3BB9E56A8D}.Release|Any CPU.Build.0 = Release|Any CPU
		{6C4B2A4D-6E31-4A88-A1C1-8A3BB9E56A8D}.Release|x64.ActiveCfg = Release|Any CPU
		{6C4B2A4D-6E31-4A88-A1C1-8A3BB9E56A8D}.Release|x64.Build.0 = Release|Any CPU
		{6C4B2A4D-6E31-4A88-A1C1-8A3BB9E56A8D}.Release|x86.ActiveCfg = Release|Any CPU
		{6C4B2A4D-6E31-4A88-A1C1-8A3BB9E56A8D}.Release|x86.Build.0 = Release|Any CPU
		{1E78D2C1-62D4-4A0E-8B60-3E76DFB9B7B5}.Debug|Any CPU.ActiveCfg = Debug|Any CPU
		{1E78D2C1-62D4-4A0E-8B60-3E76DFB9B7B5}.Debug|Any CPU.Build.0 = Debug|Any CPU
		{1E78D2C1-62D4-4A0E-8B60-3E76DFB9B7B5}.Debug|x64.ActiveCfg = Debug|Any CPU
		{1E78D2C1-62D4-4A0E-8B60-3E76DFB9B7B5}.Debug|x64.Build.0 = Debug|Any CPU
		{1E78D2C1-62D4-4A0E-8B60-3E76DFB9B7B5}.Debug|x86.ActiveCfg = Debug|Any CPU
		{1E78D2C1-62D4-4A0E-8B60-3E76DFB9B7B5}.Debug|x86.Build.0 = Debug|Any CPU
		{1E78D2C1-62D4-4A0E-8B60-3E76DFB9B7B5}.Release|Any CPU.ActiveCfg = Release|Any CPU
		{1E78D2C1-62D4-4A0E-8B60-3E76DFB9B7B5}.Release|Any CPU.Build.0 = Release|Any CPU
		{1E78D2C1-62D4-4A0E-8B60-3E76DFB9B7B5}.Release|x64.ActiveCfg = Release|Any CPU
		{1E78D2C1-62D4-4A0E-8B60-3E76DFB9B7B5}.Release|x64.Build.0 = Release|Any CPU
		{1E78D2C1-62D4-4A0E-8B60-3E76DFB9B7B5}.Release|x86.ActiveCfg = Release|Any CPU
		{1E78D2C1-62D4-4A0E-8B60-3E76DFB9B7B5}.Release|x86.Build.0 = Release|Any CPU
		{12C11CCA-3DAC-4ABF-B5D7-D6EC21CB60ED}.Debug|Any CPU.ActiveCfg = Debug|Any CPU
		{12C11CCA-3DAC-4ABF-B5D7-D6EC21CB60ED}.Debug|Any CPU.Build.0 = Debug|Any CPU
		{12C11CCA-3DAC-4ABF-B5D7-D6EC21CB60ED}.Debug|x64.ActiveCfg = Debug|Any CPU
		{12C11CCA-3DAC-4ABF-B5D7-D6EC21CB60ED}.Debug|x64.Build.0 = Debug|Any CPU
		{12C11CCA-3DAC-4ABF-B5D7-D6EC21CB60ED}.Debug|x86.ActiveCfg = Debug|Any CPU
		{12C11CCA-3DAC-4ABF-B5D7-D6EC21CB60ED}.Debug|x86.Build.0 = Debug|Any CPU
		{12C11CCA-3DAC-4ABF-B5D7-D6EC21CB60ED}.Release|Any CPU.ActiveCfg = Release|Any CPU
		{12C11CCA-3DAC-4ABF-B5D7-D6EC21CB60ED}.Release|Any CPU.Build.0 = Release|Any CPU
		{12C11CCA-3DAC-4ABF-B5D7-D6EC21CB60ED}.Release|x64.ActiveCfg = Release|Any CPU
		{12C11CCA-3DAC-4ABF-B5D7-D6EC21CB60ED}.Release|x64.Build.0 = Release|Any CPU
		{12C11CCA-3DAC-4ABF-B5D7-D6EC21CB60ED}.Release|x86.ActiveCfg = Release|Any CPU
		{12C11CCA-3DAC-4ABF-B5D7-D6EC21CB60ED}.Release|x86.Build.0 = Release|Any CPU
		{AF46FF94-C92A-413A-8ABF-4F7BF7AA2BE5}.Debug|Any CPU.ActiveCfg = Debug|Any CPU
		{AF46FF94-C92A-413A-8ABF-4F7BF7AA2BE5}.Debug|Any CPU.Build.0 = Debug|Any CPU
		{AF46FF94-C92A-413A-8ABF-4F7BF7AA2BE5}.Debug|x64.ActiveCfg = Debug|Any CPU
		{AF46FF94-C92A-413A-8ABF-4F7BF7AA2BE5}.Debug|x64.Build.0 = Debug|Any CPU
		{AF46FF94-C92A-413A-8ABF-4F7BF7AA2BE5}.Debug|x86.ActiveCfg = Debug|Any CPU
		{AF46FF94-C92A-413A-8ABF-4F7BF7AA2BE5}.Debug|x86.Build.0 = Debug|Any CPU
		{AF46FF94-C92A-413A-8ABF-4F7BF7AA2BE5}.Release|Any CPU.ActiveCfg = Release|Any CPU
		{AF46FF94-C92A-413A-8ABF-4F7BF7AA2BE5}.Release|Any CPU.Build.0 = Release|Any CPU
		{AF46FF94-C92A-413A-8ABF-4F7BF7AA2BE5}.Release|x64.ActiveCfg = Release|Any CPU
		{AF46FF94-C92A-413A-8ABF-4F7BF7AA2BE5}.Release|x64.Build.0 = Release|Any CPU
		{AF46FF94-C92A-413A-8ABF-4F7BF7AA2BE5}.Release|x86.ActiveCfg = Release|Any CPU
		{AF46FF94-C92A-413A-8ABF-4F7BF7AA2BE5}.Release|x86.Build.0 = Release|Any CPU
		{DB6E16AE-0F09-421B-864C-AAB383402607}.Debug|Any CPU.ActiveCfg = Debug|Any CPU
		{DB6E16AE-0F09-421B-864C-AAB383402607}.Debug|Any CPU.Build.0 = Debug|Any CPU
		{DB6E16AE-0F09-421B-864C-AAB383402607}.Debug|x64.ActiveCfg = Debug|Any CPU
		{DB6E16AE-0F09-421B-864C-AAB383402607}.Debug|x64.Build.0 = Debug|Any CPU
		{DB6E16AE-0F09-421B-864C-AAB383402607}.Debug|x86.ActiveCfg = Debug|Any CPU
		{DB6E16AE-0F09-421B-864C-AAB383402607}.Debug|x86.Build.0 = Debug|Any CPU
		{DB6E16AE-0F09-421B-864C-AAB383402607}.Release|Any CPU.ActiveCfg = Release|Any CPU
		{DB6E16AE-0F09-421B-864C-AAB383402607}.Release|Any CPU.Build.0 = Release|Any CPU
		{DB6E16AE-0F09-421B-864C-AAB383402607}.Release|x64.ActiveCfg = Release|Any CPU
		{DB6E16AE-0F09-421B-864C-AAB383402607}.Release|x64.Build.0 = Release|Any CPU
		{DB6E16AE-0F09-421B-864C-AAB383402607}.Release|x86.ActiveCfg = Release|Any CPU
		{DB6E16AE-0F09-421B-864C-AAB383402607}.Release|x86.Build.0 = Release|Any CPU
		{E6098777-CCCE-4E68-81FD-E33A8EBE41F0}.Debug|Any CPU.ActiveCfg = Debug|Any CPU
		{E6098777-CCCE-4E68-81FD-E33A8EBE41F0}.Debug|Any CPU.Build.0 = Debug|Any CPU
		{E6098777-CCCE-4E68-81FD-E33A8EBE41F0}.Debug|x64.ActiveCfg = Debug|Any CPU
		{E6098777-CCCE-4E68-81FD-E33A8EBE41F0}.Debug|x64.Build.0 = Debug|Any CPU
		{E6098777-CCCE-4E68-81FD-E33A8EBE41F0}.Debug|x86.ActiveCfg = Debug|Any CPU
		{E6098777-CCCE-4E68-81FD-E33A8EBE41F0}.Debug|x86.Build.0 = Debug|Any CPU
		{E6098777-CCCE-4E68-81FD-E33A8EBE41F0}.Release|Any CPU.ActiveCfg = Release|Any CPU
		{E6098777-CCCE-4E68-81FD-E33A8EBE41F0}.Release|Any CPU.Build.0 = Release|Any CPU
		{E6098777-CCCE-4E68-81FD-E33A8EBE41F0}.Release|x64.ActiveCfg = Release|Any CPU
		{E6098777-CCCE-4E68-81FD-E33A8EBE41F0}.Release|x64.Build.0 = Release|Any CPU
		{E6098777-CCCE-4E68-81FD-E33A8EBE41F0}.Release|x86.ActiveCfg = Release|Any CPU
		{E6098777-CCCE-4E68-81FD-E33A8EBE41F0}.Release|x86.Build.0 = Release|Any CPU
	EndGlobalSection
	GlobalSection(SolutionProperties) = preSolution
		HideSolutionNode = FALSE
	EndGlobalSection
	GlobalSection(NestedProjects) = preSolution
		{39992254-BA73-424B-B16B-CBCB5847B522} = {9A0CCAB9-4303-13B4-2371-F1B97FF5B728}
			{6C4B2A4D-6E31-4A88-A1C1-8A3BB9E56A8D} = {9A0CCAB9-4303-13B4-2371-F1B97FF5B728}
			{1E78D2C1-62D4-4A0E-8B60-3E76DFB9B7B5} = {9A0CCAB9-4303-13B4-2371-F1B97FF5B728}
		{12C11CCA-3DAC-4ABF-B5D7-D6EC21CB60ED} = {9A0CCAB9-4303-13B4-2371-F1B97FF5B728}
		{AF46FF94-C92A-413A-8ABF-4F7BF7AA2BE5} = {9A0CCAB9-4303-13B4-2371-F1B97FF5B728}
		{DB6E16AE-0F09-421B-864C-AAB383402607} = {9A0CCAB9-4303-13B4-2371-F1B97FF5B728}
		{E6098777-CCCE-4E68-81FD-E33A8EBE41F0} = {9A0CCAB9-4303-13B4-2371-F1B97FF5B728}
	EndGlobalSection
	GlobalSection(ExtensibilityGlobals) = postSolution
		SolutionGuid = {8AA70A5B-BBFB-4952-8DCE-4407CC1A2ABE}
	EndGlobalSection
EndGlobal
