
Microsoft Visual Studio Solution File, Format Version 12.00
# Visual Studio Version 17
VisualStudioVersion = 17.5.2.0
MinimumVisualStudioVersion = 10.0.40219.1
Project("{2150E333-8FDC-42A3-9474-1A3956D46DE8}") = "tools", "tools", "{07C2787E-EAC7-C090-1BA3-A61EC2A24D84}"
EndProject
Project("{FAE04EC0-301F-11D3-BF4B-00C04F79EFBC}") = "Swap.CLI", "tools\Swap.CLI\Swap.CLI.csproj", "{BC4E811B-1022-4C41-5573-AA9D1C48BE3F}"
EndProject
Project("{FAE04EC0-301F-11D3-BF4B-00C04F79EFBC}") = "Swap.CLI.Tests", "tools\Swap.CLI.Tests\Swap.CLI.Tests.csproj", "{200AA4A8-93F8-D72B-B0D4-8A37FA170AA9}"
EndProject
Project("{2150E333-8FDC-42A3-9474-1A3956D46DE8}") = "framework", "framework", "{9A0CCAB9-4303-13B4-2371-F1B97FF5B728}"
EndProject
Project("{FAE04EC0-301F-11D3-BF4B-00C04F79EFBC}") = "Swap.Htmx", "framework\Swap.Htmx\Swap.Htmx.csproj", "{39992254-BA73-424B-B16B-CBCB5847B522}"
EndProject
Project("{FAE04EC0-301F-11D3-BF4B-00C04F79EFBC}") = "Swap.Htmx.Tests", "framework\Swap.Htmx.Tests\Swap.Htmx.Tests.csproj", "{12C11CCA-3DAC-4ABF-B5D7-D6EC21CB60ED}"
EndProject
Project("{FAE04EC0-301F-11D3-BF4B-00C04F79EFBC}") = "Swap.Patterns", "framework\Swap.Patterns\Swap.Patterns.csproj", "{F1337253-633F-4678-83BD-D64BE4C616B3}"
EndProject
Project("{FAE04EC0-301F-11D3-BF4B-00C04F79EFBC}") = "Swap.Patterns.Tests", "framework\Swap.Patterns.Tests\Swap.Patterns.Tests.csproj", "{2B9F5127-5969-4C89-B6AC-3B90FC6BBA67}"
EndProject
Project("{FAE04EC0-301F-11D3-BF4B-00C04F79EFBC}") = "Swap.Testing", "framework\Swap.Testing\Swap.Testing.csproj", "{AF46FF94-C92A-413A-8ABF-4F7BF7AA2BE5}"
EndProject
Project("{2150E333-8FDC-42A3-9474-1A3956D46DE8}") = "demo", "demo", "{A39C23D2-F2C0-258D-165A-CF1E7FEE6E7B}"
EndProject
Project("{FAE04EC0-301F-11D3-BF4B-00C04F79EFBC}") = "EventSystemDemo", "demo\EventSystemDemo\EventSystemDemo.csproj", "{2B9F253D-6398-4FAC-8DB0-BEB25FD06FA1}"
EndProject
Project("{FAE04EC0-301F-11D3-BF4B-00C04F79EFBC}") = "EventSystemDemo.Tests", "demo\EventSystemDemo.Tests\EventSystemDemo.Tests.csproj", "{C1320197-4C76-49FA-ABEC-8839307641BE}"
EndProject
Global
	GlobalSection(SolutionConfigurationPlatforms) = preSolution
		Debug|Any CPU = Debug|Any CPU
		Debug|x64 = Debug|x64
		Debug|x86 = Debug|x86
		Release|Any CPU = Release|Any CPU
		Release|x64 = Release|x64
		Release|x86 = Release|x86
	EndGlobalSection
	GlobalSection(ProjectConfigurationPlatforms) = postSolution
		{BC4E811B-1022-4C41-5573-AA9D1C48BE3F}.Debug|Any CPU.ActiveCfg = Debug|Any CPU
		{BC4E811B-1022-4C41-5573-AA9D1C48BE3F}.Debug|Any CPU.Build.0 = Debug|Any CPU
		{BC4E811B-1022-4C41-5573-AA9D1C48BE3F}.Debug|x64.ActiveCfg = Debug|Any CPU
		{BC4E811B-1022-4C41-5573-AA9D1C48BE3F}.Debug|x64.Build.0 = Debug|Any CPU
		{BC4E811B-1022-4C41-5573-AA9D1C48BE3F}.Debug|x86.ActiveCfg = Debug|Any CPU
		{BC4E811B-1022-4C41-5573-AA9D1C48BE3F}.Debug|x86.Build.0 = Debug|Any CPU
		{BC4E811B-1022-4C41-5573-AA9D1C48BE3F}.Release|Any CPU.ActiveCfg = Release|Any CPU
		{BC4E811B-1022-4C41-5573-AA9D1C48BE3F}.Release|Any CPU.Build.0 = Release|Any CPU
		{BC4E811B-1022-4C41-5573-AA9D1C48BE3F}.Release|x64.ActiveCfg = Release|Any CPU
		{BC4E811B-1022-4C41-5573-AA9D1C48BE3F}.Release|x64.Build.0 = Release|Any CPU
		{BC4E811B-1022-4C41-5573-AA9D1C48BE3F}.Release|x86.ActiveCfg = Release|Any CPU
		{BC4E811B-1022-4C41-5573-AA9D1C48BE3F}.Release|x86.Build.0 = Release|Any CPU
		{200AA4A8-93F8-D72B-B0D4-8A37FA170AA9}.Debug|Any CPU.ActiveCfg = Debug|Any CPU
		{200AA4A8-93F8-D72B-B0D4-8A37FA170AA9}.Debug|Any CPU.Build.0 = Debug|Any CPU
		{200AA4A8-93F8-D72B-B0D4-8A37FA170AA9}.Debug|x64.ActiveCfg = Debug|Any CPU
		{200AA4A8-93F8-D72B-B0D4-8A37FA170AA9}.Debug|x64.Build.0 = Debug|Any CPU
		{200AA4A8-93F8-D72B-B0D4-8A37FA170AA9}.Debug|x86.ActiveCfg = Debug|Any CPU
		{200AA4A8-93F8-D72B-B0D4-8A37FA170AA9}.Debug|x86.Build.0 = Debug|Any CPU
		{200AA4A8-93F8-D72B-B0D4-8A37FA170AA9}.Release|Any CPU.ActiveCfg = Release|Any CPU
		{200AA4A8-93F8-D72B-B0D4-8A37FA170AA9}.Release|Any CPU.Build.0 = Release|Any CPU
		{200AA4A8-93F8-D72B-B0D4-8A37FA170AA9}.Release|x64.ActiveCfg = Release|Any CPU
		{200AA4A8-93F8-D72B-B0D4-8A37FA170AA9}.Release|x64.Build.0 = Release|Any CPU
		{200AA4A8-93F8-D72B-B0D4-8A37FA170AA9}.Release|x86.ActiveCfg = Release|Any CPU
		{200AA4A8-93F8-D72B-B0D4-8A37FA170AA9}.Release|x86.Build.0 = Release|Any CPU
		{39992254-BA73-424B-B16B-CBCB5847B522}.Debug|Any CPU.ActiveCfg = Debug|Any CPU
		{39992254-BA73-424B-B16B-CBCB5847B522}.Debug|Any CPU.Build.0 = Debug|Any CPU
		{39992254-BA73-424B-B16B-CBCB5847B522}.Debug|x64.ActiveCfg = Debug|Any CPU
		{39992254-BA73-424B-B16B-CBCB5847B522}.Debug|x64.Build.0 = Debug|Any CPU
		{39992254-BA73-424B-B16B-CBCB5847B522}.Debug|x86.ActiveCfg = Debug|Any CPU
		{39992254-BA73-424B-B16B-CBCB5847B522}.Debug|x86.Build.0 = Debug|Any CPU
		{39992254-BA73-424B-B16B-CBCB5847B522}.Release|Any CPU.ActiveCfg = Release|Any CPU
		{39992254-BA73-424B-B16B-CBCB5847B522}.Release|Any CPU.Build.0 = Release|Any CPU
		{39992254-BA73-424B-B16B-CBCB5847B522}.Release|x64.ActiveCfg = Release|Any CPU
		{39992254-BA73-424B-B16B-CBCB5847B522}.Release|x64.Build.0 = Release|Any CPU
		{39992254-BA73-424B-B16B-CBCB5847B522}.Release|x86.ActiveCfg = Release|Any CPU
		{39992254-BA73-424B-B16B-CBCB5847B522}.Release|x86.Build.0 = Release|Any CPU
		{12C11CCA-3DAC-4ABF-B5D7-D6EC21CB60ED}.Debug|Any CPU.ActiveCfg = Debug|Any CPU
		{12C11CCA-3DAC-4ABF-B5D7-D6EC21CB60ED}.Debug|Any CPU.Build.0 = Debug|Any CPU
		{12C11CCA-3DAC-4ABF-B5D7-D6EC21CB60ED}.Debug|x64.ActiveCfg = Debug|Any CPU
		{12C11CCA-3DAC-4ABF-B5D7-D6EC21CB60ED}.Debug|x64.Build.0 = Debug|Any CPU
		{12C11CCA-3DAC-4ABF-B5D7-D6EC21CB60ED}.Debug|x86.ActiveCfg = Debug|Any CPU
		{12C11CCA-3DAC-4ABF-B5D7-D6EC21CB60ED}.Debug|x86.Build.0 = Debug|Any CPU
		{12C11CCA-3DAC-4ABF-B5D7-D6EC21CB60ED}.Release|Any CPU.ActiveCfg = Release|Any CPU
		{12C11CCA-3DAC-4ABF-B5D7-D6EC21CB60ED}.Release|Any CPU.Build.0 = Release|Any CPU
		{12C11CCA-3DAC-4ABF-B5D7-D6EC21CB60ED}.Release|x64.ActiveCfg = Release|Any CPU
		{12C11CCA-3DAC-4ABF-B5D7-D6EC21CB60ED}.Release|x64.Build.0 = Release|Any CPU
		{12C11CCA-3DAC-4ABF-B5D7-D6EC21CB60ED}.Release|x86.ActiveCfg = Release|Any CPU
		{12C11CCA-3DAC-4ABF-B5D7-D6EC21CB60ED}.Release|x86.Build.0 = Release|Any CPU
		{F1337253-633F-4678-83BD-D64BE4C616B3}.Debug|Any CPU.ActiveCfg = Debug|Any CPU
		{F1337253-633F-4678-83BD-D64BE4C616B3}.Debug|Any CPU.Build.0 = Debug|Any CPU
		{F1337253-633F-4678-83BD-D64BE4C616B3}.Debug|x64.ActiveCfg = Debug|Any CPU
		{F1337253-633F-4678-83BD-D64BE4C616B3}.Debug|x64.Build.0 = Debug|Any CPU
		{F1337253-633F-4678-83BD-D64BE4C616B3}.Debug|x86.ActiveCfg = Debug|Any CPU
		{F1337253-633F-4678-83BD-D64BE4C616B3}.Debug|x86.Build.0 = Debug|Any CPU
		{F1337253-633F-4678-83BD-D64BE4C616B3}.Release|Any CPU.ActiveCfg = Release|Any CPU
		{F1337253-633F-4678-83BD-D64BE4C616B3}.Release|Any CPU.Build.0 = Release|Any CPU
		{F1337253-633F-4678-83BD-D64BE4C616B3}.Release|x64.ActiveCfg = Release|Any CPU
		{F1337253-633F-4678-83BD-D64BE4C616B3}.Release|x64.Build.0 = Release|Any CPU
		{F1337253-633F-4678-83BD-D64BE4C616B3}.Release|x86.ActiveCfg = Release|Any CPU
		{F1337253-633F-4678-83BD-D64BE4C616B3}.Release|x86.Build.0 = Release|Any CPU
		{2B9F5127-5969-4C89-B6AC-3B90FC6BBA67}.Debug|Any CPU.ActiveCfg = Debug|Any CPU
		{2B9F5127-5969-4C89-B6AC-3B90FC6BBA67}.Debug|Any CPU.Build.0 = Debug|Any CPU
		{2B9F5127-5969-4C89-B6AC-3B90FC6BBA67}.Debug|x64.ActiveCfg = Debug|Any CPU
		{2B9F5127-5969-4C89-B6AC-3B90FC6BBA67}.Debug|x64.Build.0 = Debug|Any CPU
		{2B9F5127-5969-4C89-B6AC-3B90FC6BBA67}.Debug|x86.ActiveCfg = Debug|Any CPU
		{2B9F5127-5969-4C89-B6AC-3B90FC6BBA67}.Debug|x86.Build.0 = Debug|Any CPU
		{2B9F5127-5969-4C89-B6AC-3B90FC6BBA67}.Release|Any CPU.ActiveCfg = Release|Any CPU
		{2B9F5127-5969-4C89-B6AC-3B90FC6BBA67}.Release|Any CPU.Build.0 = Release|Any CPU
		{2B9F5127-5969-4C89-B6AC-3B90FC6BBA67}.Release|x64.ActiveCfg = Release|Any CPU
		{2B9F5127-5969-4C89-B6AC-3B90FC6BBA67}.Release|x64.Build.0 = Release|Any CPU
		{2B9F5127-5969-4C89-B6AC-3B90FC6BBA67}.Release|x86.ActiveCfg = Release|Any CPU
		{2B9F5127-5969-4C89-B6AC-3B90FC6BBA67}.Release|x86.Build.0 = Release|Any CPU
		{AF46FF94-C92A-413A-8ABF-4F7BF7AA2BE5}.Debug|Any CPU.ActiveCfg = Debug|Any CPU
		{AF46FF94-C92A-413A-8ABF-4F7BF7AA2BE5}.Debug|Any CPU.Build.0 = Debug|Any CPU
		{AF46FF94-C92A-413A-8ABF-4F7BF7AA2BE5}.Debug|x64.ActiveCfg = Debug|Any CPU
		{AF46FF94-C92A-413A-8ABF-4F7BF7AA2BE5}.Debug|x64.Build.0 = Debug|Any CPU
		{AF46FF94-C92A-413A-8ABF-4F7BF7AA2BE5}.Debug|x86.ActiveCfg = Debug|Any CPU
		{AF46FF94-C92A-413A-8ABF-4F7BF7AA2BE5}.Debug|x86.Build.0 = Debug|Any CPU
		{AF46FF94-C92A-413A-8ABF-4F7BF7AA2BE5}.Release|Any CPU.ActiveCfg = Release|Any CPU
		{AF46FF94-C92A-413A-8ABF-4F7BF7AA2BE5}.Release|Any CPU.Build.0 = Release|Any CPU
		{AF46FF94-C92A-413A-8ABF-4F7BF7AA2BE5}.Release|x64.ActiveCfg = Release|Any CPU
		{AF46FF94-C92A-413A-8ABF-4F7BF7AA2BE5}.Release|x64.Build.0 = Release|Any CPU
		{AF46FF94-C92A-413A-8ABF-4F7BF7AA2BE5}.Release|x86.ActiveCfg = Release|Any CPU
		{AF46FF94-C92A-413A-8ABF-4F7BF7AA2BE5}.Release|x86.Build.0 = Release|Any CPU
		{2B9F253D-6398-4FAC-8DB0-BEB25FD06FA1}.Debug|Any CPU.ActiveCfg = Debug|Any CPU
		{2B9F253D-6398-4FAC-8DB0-BEB25FD06FA1}.Debug|Any CPU.Build.0 = Debug|Any CPU
		{2B9F253D-6398-4FAC-8DB0-BEB25FD06FA1}.Debug|x64.ActiveCfg = Debug|Any CPU
		{2B9F253D-6398-4FAC-8DB0-BEB25FD06FA1}.Debug|x64.Build.0 = Debug|Any CPU
		{2B9F253D-6398-4FAC-8DB0-BEB25FD06FA1}.Debug|x86.ActiveCfg = Debug|Any CPU
		{2B9F253D-6398-4FAC-8DB0-BEB25FD06FA1}.Debug|x86.Build.0 = Debug|Any CPU
		{2B9F253D-6398-4FAC-8DB0-BEB25FD06FA1}.Release|Any CPU.ActiveCfg = Release|Any CPU
		{2B9F253D-6398-4FAC-8DB0-BEB25FD06FA1}.Release|Any CPU.Build.0 = Release|Any CPU
		{2B9F253D-6398-4FAC-8DB0-BEB25FD06FA1}.Release|x64.ActiveCfg = Release|Any CPU
		{2B9F253D-6398-4FAC-8DB0-BEB25FD06FA1}.Release|x64.Build.0 = Release|Any CPU
		{2B9F253D-6398-4FAC-8DB0-BEB25FD06FA1}.Release|x86.ActiveCfg = Release|Any CPU
		{2B9F253D-6398-4FAC-8DB0-BEB25FD06FA1}.Release|x86.Build.0 = Release|Any CPU
		{C1320197-4C76-49FA-ABEC-8839307641BE}.Debug|Any CPU.ActiveCfg = Debug|Any CPU
		{C1320197-4C76-49FA-ABEC-8839307641BE}.Debug|Any CPU.Build.0 = Debug|Any CPU
		{C1320197-4C76-49FA-ABEC-8839307641BE}.Debug|x64.ActiveCfg = Debug|Any CPU
		{C1320197-4C76-49FA-ABEC-8839307641BE}.Debug|x64.Build.0 = Debug|Any CPU
		{C1320197-4C76-49FA-ABEC-8839307641BE}.Debug|x86.ActiveCfg = Debug|Any CPU
		{C1320197-4C76-49FA-ABEC-8839307641BE}.Debug|x86.Build.0 = Debug|Any CPU
		{C1320197-4C76-49FA-ABEC-8839307641BE}.Release|Any CPU.ActiveCfg = Release|Any CPU
		{C1320197-4C76-49FA-ABEC-8839307641BE}.Release|Any CPU.Build.0 = Release|Any CPU
		{C1320197-4C76-49FA-ABEC-8839307641BE}.Release|x64.ActiveCfg = Release|Any CPU
		{C1320197-4C76-49FA-ABEC-8839307641BE}.Release|x64.Build.0 = Release|Any CPU
		{C1320197-4C76-49FA-ABEC-8839307641BE}.Release|x86.ActiveCfg = Release|Any CPU
		{C1320197-4C76-49FA-ABEC-8839307641BE}.Release|x86.Build.0 = Release|Any CPU
	EndGlobalSection
	GlobalSection(SolutionProperties) = preSolution
		HideSolutionNode = FALSE
	EndGlobalSection
	GlobalSection(NestedProjects) = preSolution
		{BC4E811B-1022-4C41-5573-AA9D1C48BE3F} = {07C2787E-EAC7-C090-1BA3-A61EC2A24D84}
		{200AA4A8-93F8-D72B-B0D4-8A37FA170AA9} = {07C2787E-EAC7-C090-1BA3-A61EC2A24D84}
		{39992254-BA73-424B-B16B-CBCB5847B522} = {9A0CCAB9-4303-13B4-2371-F1B97FF5B728}
		{12C11CCA-3DAC-4ABF-B5D7-D6EC21CB60ED} = {9A0CCAB9-4303-13B4-2371-F1B97FF5B728}
		{F1337253-633F-4678-83BD-D64BE4C616B3} = {9A0CCAB9-4303-13B4-2371-F1B97FF5B728}
		{2B9F5127-5969-4C89-B6AC-3B90FC6BBA67} = {9A0CCAB9-4303-13B4-2371-F1B97FF5B728}
		{AF46FF94-C92A-413A-8ABF-4F7BF7AA2BE5} = {9A0CCAB9-4303-13B4-2371-F1B97FF5B728}
		{2B9F253D-6398-4FAC-8DB0-BEB25FD06FA1} = {A39C23D2-F2C0-258D-165A-CF1E7FEE6E7B}
		{C1320197-4C76-49FA-ABEC-8839307641BE} = {A39C23D2-F2C0-258D-165A-CF1E7FEE6E7B}
	EndGlobalSection
	GlobalSection(ExtensibilityGlobals) = postSolution
		SolutionGuid = {8AA70A5B-BBFB-4952-8DCE-4407CC1A2ABE}
	EndGlobalSection
EndGlobal
