Microsoft Visual Studio Solution File, Format Version 12.00
# Visual Studio Version 17
VisualStudioVersion = 17.5.2.0
MinimumVisualStudioVersion = 10.0.40219.1
Project("{2150E333-8FDC-42A3-9474-1A3956D46DE8}") = "tools", "tools", "{07C2787E-EAC7-C090-1BA3-A61EC2A24D84}"
EndProject
Project("{2150E333-8FDC-42A3-9474-1A3956D46DE8}") = "testApps", "testApps", "{4553EF99-1D3C-14C7-0D22-5364D18C373B}"
EndProject
Project("{FAE04EC0-301F-11D3-BF4B-00C04F79EFBC}") = "Swap.CLI", "tools\Swap.CLI\Swap.CLI.csproj", "{BC4E811B-1022-4C41-5573-AA9D1C48BE3F}"
EndProject
Project("{FAE04EC0-301F-11D3-BF4B-00C04F79EFBC}") = "Swap.CLI.Tests", "tools\Swap.CLI.Tests\Swap.CLI.Tests.csproj", "{200AA4A8-93F8-D72B-B0D4-8A37FA170AA9}"
EndProject
Project("{2150E333-8FDC-42A3-9474-1A3956D46DE8}") = "Phase3Test", "Phase3Test", "{1FDE0AA3-CD26-069F-D447-0BED71AA9707}"
EndProject
Project("{FAE04EC0-301F-11D3-BF4B-00C04F79EFBC}") = "Phase3TestApp", "testApps\Phase3Test\Phase3TestApp\Phase3TestApp.csproj", "{8F4C6087-4F1E-D737-8448-9ADA0CC07023}"
EndProject
Project("{2150E333-8FDC-42A3-9474-1A3956D46DE8}") = "Swap.CLI (1)", "Swap.CLI (1)", "{D6CD871B-CC5D-2B03-479C-55C9B07B2482}"
EndProject
Project("{2150E333-8FDC-42A3-9474-1A3956D46DE8}") = "bin", "bin", "{F9253DD3-8093-2693-C033-7928E08149BD}"
EndProject
Project("{2150E333-8FDC-42A3-9474-1A3956D46DE8}") = "Debug", "Debug", "{F2E0F196-160D-B60D-F110-F22FFF901FC3}"
EndProject
Project("{2150E333-8FDC-42A3-9474-1A3956D46DE8}") = "net9.0", "net9.0", "{00EBB36E-BB0C-2C06-93DB-C121BD59DEF7}"
EndProject
Project("{2150E333-8FDC-42A3-9474-1A3956D46DE8}") = "modular", "modular", "{1C832BC2-05B5-811B-0C12-B891B92E44D5}"
EndProject
Project("{2150E333-8FDC-42A3-9474-1A3956D46DE8}") = "src", "src", "{A7400B03-68C1-220C-0104-BE1CBAC45D5A}"
EndProject
Project("{FAE04EC0-301F-11D3-BF4B-00C04F79EFBC}") = "NetMXApp.Web", "tools\Swap.CLI\bin\Debug\net9.0\modular\src\NetMXApp.Web\NetMXApp.Web.csproj", "{C0F62416-BBFD-FBA2-C8F2-DBD9BA2DC13D}"
EndProject
Project("{2150E333-8FDC-42A3-9474-1A3956D46DE8}") = "monolith", "monolith", "{B3425DCA-4C50-2DAC-2003-91045AA2F10B}"
EndProject
Project("{2150E333-8FDC-42A3-9474-1A3956D46DE8}") = "src", "src", "{A0AA9296-EC10-8E40-A0D4-4C534386182F}"
EndProject
Project("{FAE04EC0-301F-11D3-BF4B-00C04F79EFBC}") = "NetMXApp.Web", "tools\Swap.CLI\bin\Debug\net9.0\monolith\src\NetMXApp.Web\NetMXApp.Web.csproj", "{23B217F5-E7DD-B884-FCCE-374B7B7B292C}"
EndProject
Project("{2150E333-8FDC-42A3-9474-1A3956D46DE8}") = "vertical-slice", "vertical-slice", "{F37A9573-7629-D8F3-87B2-1087A3996CED}"
EndProject
Project("{2150E333-8FDC-42A3-9474-1A3956D46DE8}") = "src", "src", "{6788E9CD-2F28-4453-22D0-6F3FB464CDCE}"
EndProject
Project("{FAE04EC0-301F-11D3-BF4B-00C04F79EFBC}") = "NetMXApp.Web", "tools\Swap.CLI\bin\Debug\net9.0\vertical-slice\src\NetMXApp.Web\NetMXApp.Web.csproj", "{AA175739-F80A-001D-873A-AB930F54AA2B}"
EndProject
Project("{2150E333-8FDC-42A3-9474-1A3956D46DE8}") = "Release", "Release", "{01F3D72F-4761-B823-F73A-97BEC2BFAE2F}"
EndProject
Project("{2150E333-8FDC-42A3-9474-1A3956D46DE8}") = "net9.0", "net9.0", "{E8E61722-A019-2299-E55D-99EA61D29060}"
EndProject
Project("{2150E333-8FDC-42A3-9474-1A3956D46DE8}") = "modular", "modular", "{D508C5C1-30D4-D3EC-C52E-FCD074AAD692}"
EndProject
Project("{2150E333-8FDC-42A3-9474-1A3956D46DE8}") = "src", "src", "{A755F50E-3F07-CF25-090C-DA58DB5BE056}"
EndProject
Project("{FAE04EC0-301F-11D3-BF4B-00C04F79EFBC}") = "NetMXApp.Web", "tools\Swap.CLI\bin\Release\net9.0\modular\src\NetMXApp.Web\NetMXApp.Web.csproj", "{849E735C-9CE7-F05A-28F4-2F203ABB8A1E}"
EndProject
Project("{2150E333-8FDC-42A3-9474-1A3956D46DE8}") = "monolith", "monolith", "{24A27EF0-7EB0-C213-09E5-2188F68E2842}"
EndProject
Project("{2150E333-8FDC-42A3-9474-1A3956D46DE8}") = "src", "src", "{78A0F136-BD39-2151-2D05-508C61395BE6}"
EndProject
Project("{FAE04EC0-301F-11D3-BF4B-00C04F79EFBC}") = "NetMXApp.Web", "tools\Swap.CLI\bin\Release\net9.0\monolith\src\NetMXApp.Web\NetMXApp.Web.csproj", "{ED937783-77C8-8F87-247D-127A9C736BBD}"
EndProject
Project("{2150E333-8FDC-42A3-9474-1A3956D46DE8}") = "vertical-slice", "vertical-slice", "{A262E3BC-F5AD-4EEC-E3E5-48085692933B}"
EndProject
Project("{2150E333-8FDC-42A3-9474-1A3956D46DE8}") = "src", "src", "{B5B65F34-B720-8774-D153-F723736F5BAC}"
EndProject
Project("{FAE04EC0-301F-11D3-BF4B-00C04F79EFBC}") = "NetMXApp.Web", "tools\Swap.CLI\bin\Release\net9.0\vertical-slice\src\NetMXApp.Web\NetMXApp.Web.csproj", "{7053031F-AC48-3738-EC61-98433F5F3B5F}"
EndProject
Project("{2150E333-8FDC-42A3-9474-1A3956D46DE8}") = "publish", "publish", "{D4D25738-F695-A09E-864D-52F689C3F457}"
EndProject
Project("{2150E333-8FDC-42A3-9474-1A3956D46DE8}") = "modular", "modular", "{6EB60A2C-D999-1FD3-5A80-FFE0EDF806A0}"
EndProject
Project("{2150E333-8FDC-42A3-9474-1A3956D46DE8}") = "src", "src", "{323751F9-AC0D-2A5F-1A2B-1A4C604C9D4A}"
EndProject
Project("{FAE04EC0-301F-11D3-BF4B-00C04F79EFBC}") = "NetMXApp.Web", "tools\Swap.CLI\bin\Release\net9.0\publish\modular\src\NetMXApp.Web\NetMXApp.Web.csproj", "{AE54B39B-E791-4073-573F-E9FB6D49B930}"
EndProject
Project("{2150E333-8FDC-42A3-9474-1A3956D46DE8}") = "monolith", "monolith", "{AD544A49-F029-16AA-49AE-CB902891F0E0}"
EndProject
Project("{2150E333-8FDC-42A3-9474-1A3956D46DE8}") = "src", "src", "{F25D5B28-31E3-3423-A76A-51729067A837}"
EndProject
Project("{FAE04EC0-301F-11D3-BF4B-00C04F79EFBC}") = "NetMXApp.Web", "tools\Swap.CLI\bin\Release\net9.0\publish\monolith\src\NetMXApp.Web\NetMXApp.Web.csproj", "{649AB83D-43FC-89E7-7D44-DE4E9F633E54}"
EndProject
Project("{2150E333-8FDC-42A3-9474-1A3956D46DE8}") = "vertical-slice", "vertical-slice", "{9A83E247-01A8-1DBC-E11F-DF3E500A7BB2}"
EndProject
Project("{2150E333-8FDC-42A3-9474-1A3956D46DE8}") = "src", "src", "{4AB266EF-86C4-07EF-481C-48280479589F}"
EndProject
Project("{FAE04EC0-301F-11D3-BF4B-00C04F79EFBC}") = "NetMXApp.Web", "tools\Swap.CLI\bin\Release\net9.0\publish\vertical-slice\src\NetMXApp.Web\NetMXApp.Web.csproj", "{F36BD417-AD2E-C6FE-173B-11E47BAFE1B9}"
EndProject
Global
	GlobalSection(SolutionConfigurationPlatforms) = preSolution
		Debug|Any CPU = Debug|Any CPU
		Release|Any CPU = Release|Any CPU
	EndGlobalSection
	GlobalSection(ProjectConfigurationPlatforms) = postSolution
		{BC4E811B-1022-4C41-5573-AA9D1C48BE3F}.Debug|Any CPU.ActiveCfg = Debug|Any CPU
		{BC4E811B-1022-4C41-5573-AA9D1C48BE3F}.Debug|Any CPU.Build.0 = Debug|Any CPU
		{BC4E811B-1022-4C41-5573-AA9D1C48BE3F}.Release|Any CPU.ActiveCfg = Release|Any CPU
		{BC4E811B-1022-4C41-5573-AA9D1C48BE3F}.Release|Any CPU.Build.0 = Release|Any CPU
		{200AA4A8-93F8-D72B-B0D4-8A37FA170AA9}.Debug|Any CPU.ActiveCfg = Debug|Any CPU
		{200AA4A8-93F8-D72B-B0D4-8A37FA170AA9}.Debug|Any CPU.Build.0 = Debug|Any CPU
		{200AA4A8-93F8-D72B-B0D4-8A37FA170AA9}.Release|Any CPU.ActiveCfg = Release|Any CPU
		{200AA4A8-93F8-D72B-B0D4-8A37FA170AA9}.Release|Any CPU.Build.0 = Release|Any CPU
		{8F4C6087-4F1E-D737-8448-9ADA0CC07023}.Debug|Any CPU.ActiveCfg = Debug|Any CPU
		{8F4C6087-4F1E-D737-8448-9ADA0CC07023}.Debug|Any CPU.Build.0 = Debug|Any CPU
		{8F4C6087-4F1E-D737-8448-9ADA0CC07023}.Release|Any CPU.ActiveCfg = Release|Any CPU
		{8F4C6087-4F1E-D737-8448-9ADA0CC07023}.Release|Any CPU.Build.0 = Release|Any CPU
		{C0F62416-BBFD-FBA2-C8F2-DBD9BA2DC13D}.Debug|Any CPU.ActiveCfg = Debug|Any CPU
		{C0F62416-BBFD-FBA2-C8F2-DBD9BA2DC13D}.Debug|Any CPU.Build.0 = Debug|Any CPU
		{C0F62416-BBFD-FBA2-C8F2-DBD9BA2DC13D}.Release|Any CPU.ActiveCfg = Release|Any CPU
		{C0F62416-BBFD-FBA2-C8F2-DBD9BA2DC13D}.Release|Any CPU.Build.0 = Release|Any CPU
		{23B217F5-E7DD-B884-FCCE-374B7B7B292C}.Debug|Any CPU.ActiveCfg = Debug|Any CPU
		{23B217F5-E7DD-B884-FCCE-374B7B7B292C}.Debug|Any CPU.Build.0 = Debug|Any CPU
		{23B217F5-E7DD-B884-FCCE-374B7B7B292C}.Release|Any CPU.ActiveCfg = Release|Any CPU
		{23B217F5-E7DD-B884-FCCE-374B7B7B292C}.Release|Any CPU.Build.0 = Release|Any CPU
		{AA175739-F80A-001D-873A-AB930F54AA2B}.Debug|Any CPU.ActiveCfg = Debug|Any CPU
		{AA175739-F80A-001D-873A-AB930F54AA2B}.Debug|Any CPU.Build.0 = Debug|Any CPU
		{AA175739-F80A-001D-873A-AB930F54AA2B}.Release|Any CPU.ActiveCfg = Release|Any CPU
		{AA175739-F80A-001D-873A-AB930F54AA2B}.Release|Any CPU.Build.0 = Release|Any CPU
		{849E735C-9CE7-F05A-28F4-2F203ABB8A1E}.Debug|Any CPU.ActiveCfg = Debug|Any CPU
		{849E735C-9CE7-F05A-28F4-2F203ABB8A1E}.Debug|Any CPU.Build.0 = Debug|Any CPU
		{849E735C-9CE7-F05A-28F4-2F203ABB8A1E}.Release|Any CPU.ActiveCfg = Release|Any CPU
		{849E735C-9CE7-F05A-28F4-2F203ABB8A1E}.Release|Any CPU.Build.0 = Release|Any CPU
		{ED937783-77C8-8F87-247D-127A9C736BBD}.Debug|Any CPU.ActiveCfg = Debug|Any CPU
		{ED937783-77C8-8F87-247D-127A9C736BBD}.Debug|Any CPU.Build.0 = Debug|Any CPU
		{ED937783-77C8-8F87-247D-127A9C736BBD}.Release|Any CPU.ActiveCfg = Release|Any CPU
		{ED937783-77C8-8F87-247D-127A9C736BBD}.Release|Any CPU.Build.0 = Release|Any CPU
		{7053031F-AC48-3738-EC61-98433F5F3B5F}.Debug|Any CPU.ActiveCfg = Debug|Any CPU
		{7053031F-AC48-3738-EC61-98433F5F3B5F}.Debug|Any CPU.Build.0 = Debug|Any CPU
		{7053031F-AC48-3738-EC61-98433F5F3B5F}.Release|Any CPU.ActiveCfg = Release|Any CPU
		{7053031F-AC48-3738-EC61-98433F5F3B5F}.Release|Any CPU.Build.0 = Release|Any CPU
		{AE54B39B-E791-4073-573F-E9FB6D49B930}.Debug|Any CPU.ActiveCfg = Debug|Any CPU
		{AE54B39B-E791-4073-573F-E9FB6D49B930}.Debug|Any CPU.Build.0 = Debug|Any CPU
		{AE54B39B-E791-4073-573F-E9FB6D49B930}.Release|Any CPU.ActiveCfg = Release|Any CPU
		{AE54B39B-E791-4073-573F-E9FB6D49B930}.Release|Any CPU.Build.0 = Release|Any CPU
		{649AB83D-43FC-89E7-7D44-DE4E9F633E54}.Debug|Any CPU.ActiveCfg = Debug|Any CPU
		{649AB83D-43FC-89E7-7D44-DE4E9F633E54}.Debug|Any CPU.Build.0 = Debug|Any CPU
		{649AB83D-43FC-89E7-7D44-DE4E9F633E54}.Release|Any CPU.ActiveCfg = Release|Any CPU
		{649AB83D-43FC-89E7-7D44-DE4E9F633E54}.Release|Any CPU.Build.0 = Release|Any CPU
		{F36BD417-AD2E-C6FE-173B-11E47BAFE1B9}.Debug|Any CPU.ActiveCfg = Debug|Any CPU
		{F36BD417-AD2E-C6FE-173B-11E47BAFE1B9}.Debug|Any CPU.Build.0 = Debug|Any CPU
		{F36BD417-AD2E-C6FE-173B-11E47BAFE1B9}.Release|Any CPU.ActiveCfg = Release|Any CPU
		{F36BD417-AD2E-C6FE-173B-11E47BAFE1B9}.Release|Any CPU.Build.0 = Release|Any CPU
	EndGlobalSection
	GlobalSection(SolutionProperties) = preSolution
		HideSolutionNode = FALSE
	EndGlobalSection
	GlobalSection(NestedProjects) = preSolution
		{BC4E811B-1022-4C41-5573-AA9D1C48BE3F} = {07C2787E-EAC7-C090-1BA3-A61EC2A24D84}
		{200AA4A8-93F8-D72B-B0D4-8A37FA170AA9} = {07C2787E-EAC7-C090-1BA3-A61EC2A24D84}
		{1FDE0AA3-CD26-069F-D447-0BED71AA9707} = {4553EF99-1D3C-14C7-0D22-5364D18C373B}
		{8F4C6087-4F1E-D737-8448-9ADA0CC07023} = {1FDE0AA3-CD26-069F-D447-0BED71AA9707}
		{D6CD871B-CC5D-2B03-479C-55C9B07B2482} = {07C2787E-EAC7-C090-1BA3-A61EC2A24D84}
		{F9253DD3-8093-2693-C033-7928E08149BD} = {D6CD871B-CC5D-2B03-479C-55C9B07B2482}
		{F2E0F196-160D-B60D-F110-F22FFF901FC3} = {F9253DD3-8093-2693-C033-7928E08149BD}
		{00EBB36E-BB0C-2C06-93DB-C121BD59DEF7} = {F2E0F196-160D-B60D-F110-F22FFF901FC3}
		{1C832BC2-05B5-811B-0C12-B891B92E44D5} = {00EBB36E-BB0C-2C06-93DB-C121BD59DEF7}
		{A7400B03-68C1-220C-0104-BE1CBAC45D5A} = {1C832BC2-05B5-811B-0C12-B891B92E44D5}
		{C0F62416-BBFD-FBA2-C8F2-DBD9BA2DC13D} = {A7400B03-68C1-220C-0104-BE1CBAC45D5A}
		{B3425DCA-4C50-2DAC-2003-91045AA2F10B} = {00EBB36E-BB0C-2C06-93DB-C121BD59DEF7}
		{A0AA9296-EC10-8E40-A0D4-4C534386182F} = {B3425DCA-4C50-2DAC-2003-91045AA2F10B}
		{23B217F5-E7DD-B884-FCCE-374B7B7B292C} = {A0AA9296-EC10-8E40-A0D4-4C534386182F}
		{F37A9573-7629-D8F3-87B2-1087A3996CED} = {00EBB36E-BB0C-2C06-93DB-C121BD59DEF7}
		{6788E9CD-2F28-4453-22D0-6F3FB464CDCE} = {F37A9573-7629-D8F3-87B2-1087A3996CED}
		{AA175739-F80A-001D-873A-AB930F54AA2B} = {6788E9CD-2F28-4453-22D0-6F3FB464CDCE}
		{01F3D72F-4761-B823-F73A-97BEC2BFAE2F} = {F9253DD3-8093-2693-C033-7928E08149BD}
		{E8E61722-A019-2299-E55D-99EA61D29060} = {01F3D72F-4761-B823-F73A-97BEC2BFAE2F}
		{D508C5C1-30D4-D3EC-C52E-FCD074AAD692} = {E8E61722-A019-2299-E55D-99EA61D29060}
		{A755F50E-3F07-CF25-090C-DA58DB5BE056} = {D508C5C1-30D4-D3EC-C52E-FCD074AAD692}
		{849E735C-9CE7-F05A-28F4-2F203ABB8A1E} = {A755F50E-3F07-CF25-090C-DA58DB5BE056}
		{24A27EF0-7EB0-C213-09E5-2188F68E2842} = {E8E61722-A019-2299-E55D-99EA61D29060}
		{78A0F136-BD39-2151-2D05-508C61395BE6} = {24A27EF0-7EB0-C213-09E5-2188F68E2842}
		{ED937783-77C8-8F87-247D-127A9C736BBD} = {78A0F136-BD39-2151-2D05-508C61395BE6}
		{A262E3BC-F5AD-4EEC-E3E5-48085692933B} = {E8E61722-A019-2299-E55D-99EA61D29060}
		{B5B65F34-B720-8774-D153-F723736F5BAC} = {A262E3BC-F5AD-4EEC-E3E5-48085692933B}
		{7053031F-AC48-3738-EC61-98433F5F3B5F} = {B5B65F34-B720-8774-D153-F723736F5BAC}
		{D4D25738-F695-A09E-864D-52F689C3F457} = {E8E61722-A019-2299-E55D-99EA61D29060}
		{6EB60A2C-D999-1FD3-5A80-FFE0EDF806A0} = {D4D25738-F695-A09E-864D-52F689C3F457}
		{323751F9-AC0D-2A5F-1A2B-1A4C604C9D4A} = {6EB60A2C-D999-1FD3-5A80-FFE0EDF806A0}
		{AE54B39B-E791-4073-573F-E9FB6D49B930} = {323751F9-AC0D-2A5F-1A2B-1A4C604C9D4A}
		{AD544A49-F029-16AA-49AE-CB902891F0E0} = {D4D25738-F695-A09E-864D-52F689C3F457}
		{F25D5B28-31E3-3423-A76A-51729067A837} = {AD544A49-F029-16AA-49AE-CB902891F0E0}
		{649AB83D-43FC-89E7-7D44-DE4E9F633E54} = {F25D5B28-31E3-3423-A76A-51729067A837}
		{9A83E247-01A8-1DBC-E11F-DF3E500A7BB2} = {D4D25738-F695-A09E-864D-52F689C3F457}
		{4AB266EF-86C4-07EF-481C-48280479589F} = {9A83E247-01A8-1DBC-E11F-DF3E500A7BB2}
		{F36BD417-AD2E-C6FE-173B-11E47BAFE1B9} = {4AB266EF-86C4-07EF-481C-48280479589F}
	EndGlobalSection
	GlobalSection(ExtensibilityGlobals) = postSolution
		SolutionGuid = {8AA70A5B-BBFB-4952-8DCE-4407CC1A2ABE}
	EndGlobalSection
EndGlobal
