
Microsoft Visual Studio Solution File, Format Version 12.00
# Visual Studio Version 17
VisualStudioVersion = 17.0.31903.59
MinimumVisualStudioVersion = 10.0.40219.1
Project("{2150E333-8FDC-42A3-9474-1A3956D46DE8}") = "src", "src", "{827E0CD3-B72D-47B6-A68D-7590B98EB39B}"
EndProject
Project("{FAE04EC0-301F-11D3-BF4B-00C04F79EFBC}") = "Web", "src\Web\Web.csproj", "{C60D43C5-7F60-4635-8C44-EC2401DDD68B}"
EndProject
Project("{2150E333-8FDC-42A3-9474-1A3956D46DE8}") = "Modules", "Modules", "{EC447DCF-ABFA-6E24-52A5-D7FD48A5C558}"
EndProject
Project("{2150E333-8FDC-42A3-9474-1A3956D46DE8}") = "tests", "tests", "{0AB3BF05-4346-4AA6-1389-037BE0695223}"
EndProject
Project("{FAE04EC0-301F-11D3-BF4B-00C04F79EFBC}") = "ProjectHub.UnitTests", "tests\ProjectHub.UnitTests\ProjectHub.UnitTests.csproj", "{3C150E7D-5587-4752-862C-B559E4DF4A55}"
EndProject
Project("{FAE04EC0-301F-11D3-BF4B-00C04F79EFBC}") = "ProjectHub.IntegrationTests", "tests\ProjectHub.IntegrationTests\ProjectHub.IntegrationTests.csproj", "{1B1BE963-3FB1-47EB-8A54-C3C00B07286A}"
EndProject
Project("{2150E333-8FDC-42A3-9474-1A3956D46DE8}") = "Workspaces", "Workspaces", "{77FBDE53-8D44-90B5-FAEA-4C38D60C667E}"
EndProject
Project("{FAE04EC0-301F-11D3-BF4B-00C04F79EFBC}") = "Workspaces.Contracts", "src\Modules\Workspaces\Workspaces.Contracts\Workspaces.Contracts.csproj", "{576980E2-39C6-448D-BD14-1EA153C696A5}"
EndProject
Project("{FAE04EC0-301F-11D3-BF4B-00C04F79EFBC}") = "Swap.Htmx.Analyzers", "..\..\..\framework\Swap.Htmx.Analyzers\Swap.Htmx.Analyzers.csproj", "{555864BF-C055-4DE6-BDE0-DC60D4CBD585}"
EndProject
Project("{FAE04EC0-301F-11D3-BF4B-00C04F79EFBC}") = "Workspaces.Module", "src\Modules\Workspaces\Workspaces.Module\Workspaces.Module.csproj", "{98F4A0A3-3535-4D89-B759-CB6C1197DB59}"
EndProject
Project("{FAE04EC0-301F-11D3-BF4B-00C04F79EFBC}") = "Workspaces.Web", "src\Modules\Workspaces\Workspaces.Web\Workspaces.Web.csproj", "{559929FE-298B-4D16-AF8E-1E5F4AE95AA5}"
EndProject
Project("{2150E333-8FDC-42A3-9474-1A3956D46DE8}") = "Projects", "Projects", "{DEF05D85-86F1-393F-22F4-9251153583D2}"
EndProject
Project("{FAE04EC0-301F-11D3-BF4B-00C04F79EFBC}") = "Projects.Contracts", "src\Modules\Projects\Projects.Contracts\Projects.Contracts.csproj", "{9B84D9BB-0C3F-4D88-B33D-54BC373D9678}"
EndProject
Project("{FAE04EC0-301F-11D3-BF4B-00C04F79EFBC}") = "Projects.Module", "src\Modules\Projects\Projects.Module\Projects.Module.csproj", "{21ECA298-FAA9-4D48-9039-27C1768C85E8}"
EndProject
Project("{FAE04EC0-301F-11D3-BF4B-00C04F79EFBC}") = "Projects.Web", "src\Modules\Projects\Projects.Web\Projects.Web.csproj", "{5662201F-BB43-4E17-A013-32EADB24B500}"
EndProject
Global
	GlobalSection(SolutionConfigurationPlatforms) = preSolution
		Debug|Any CPU = Debug|Any CPU
		Debug|x64 = Debug|x64
		Debug|x86 = Debug|x86
		Release|Any CPU = Release|Any CPU
		Release|x64 = Release|x64
		Release|x86 = Release|x86
	EndGlobalSection
	GlobalSection(ProjectConfigurationPlatforms) = postSolution
		{C60D43C5-7F60-4635-8C44-EC2401DDD68B}.Debug|Any CPU.ActiveCfg = Debug|Any CPU
		{C60D43C5-7F60-4635-8C44-EC2401DDD68B}.Debug|Any CPU.Build.0 = Debug|Any CPU
		{C60D43C5-7F60-4635-8C44-EC2401DDD68B}.Debug|x64.ActiveCfg = Debug|Any CPU
		{C60D43C5-7F60-4635-8C44-EC2401DDD68B}.Debug|x64.Build.0 = Debug|Any CPU
		{C60D43C5-7F60-4635-8C44-EC2401DDD68B}.Debug|x86.ActiveCfg = Debug|Any CPU
		{C60D43C5-7F60-4635-8C44-EC2401DDD68B}.Debug|x86.Build.0 = Debug|Any CPU
		{C60D43C5-7F60-4635-8C44-EC2401DDD68B}.Release|Any CPU.ActiveCfg = Release|Any CPU
		{C60D43C5-7F60-4635-8C44-EC2401DDD68B}.Release|Any CPU.Build.0 = Release|Any CPU
		{C60D43C5-7F60-4635-8C44-EC2401DDD68B}.Release|x64.ActiveCfg = Release|Any CPU
		{C60D43C5-7F60-4635-8C44-EC2401DDD68B}.Release|x64.Build.0 = Release|Any CPU
		{C60D43C5-7F60-4635-8C44-EC2401DDD68B}.Release|x86.ActiveCfg = Release|Any CPU
		{C60D43C5-7F60-4635-8C44-EC2401DDD68B}.Release|x86.Build.0 = Release|Any CPU
		{3C150E7D-5587-4752-862C-B559E4DF4A55}.Debug|Any CPU.ActiveCfg = Debug|Any CPU
		{3C150E7D-5587-4752-862C-B559E4DF4A55}.Debug|Any CPU.Build.0 = Debug|Any CPU
		{3C150E7D-5587-4752-862C-B559E4DF4A55}.Debug|x64.ActiveCfg = Debug|Any CPU
		{3C150E7D-5587-4752-862C-B559E4DF4A55}.Debug|x64.Build.0 = Debug|Any CPU
		{3C150E7D-5587-4752-862C-B559E4DF4A55}.Debug|x86.ActiveCfg = Debug|Any CPU
		{3C150E7D-5587-4752-862C-B559E4DF4A55}.Debug|x86.Build.0 = Debug|Any CPU
		{3C150E7D-5587-4752-862C-B559E4DF4A55}.Release|Any CPU.ActiveCfg = Release|Any CPU
		{3C150E7D-5587-4752-862C-B559E4DF4A55}.Release|Any CPU.Build.0 = Release|Any CPU
		{3C150E7D-5587-4752-862C-B559E4DF4A55}.Release|x64.ActiveCfg = Release|Any CPU
		{3C150E7D-5587-4752-862C-B559E4DF4A55}.Release|x64.Build.0 = Release|Any CPU
		{3C150E7D-5587-4752-862C-B559E4DF4A55}.Release|x86.ActiveCfg = Release|Any CPU
		{3C150E7D-5587-4752-862C-B559E4DF4A55}.Release|x86.Build.0 = Release|Any CPU
		{1B1BE963-3FB1-47EB-8A54-C3C00B07286A}.Debug|Any CPU.ActiveCfg = Debug|Any CPU
		{1B1BE963-3FB1-47EB-8A54-C3C00B07286A}.Debug|Any CPU.Build.0 = Debug|Any CPU
		{1B1BE963-3FB1-47EB-8A54-C3C00B07286A}.Debug|x64.ActiveCfg = Debug|Any CPU
		{1B1BE963-3FB1-47EB-8A54-C3C00B07286A}.Debug|x64.Build.0 = Debug|Any CPU
		{1B1BE963-3FB1-47EB-8A54-C3C00B07286A}.Debug|x86.ActiveCfg = Debug|Any CPU
		{1B1BE963-3FB1-47EB-8A54-C3C00B07286A}.Debug|x86.Build.0 = Debug|Any CPU
		{1B1BE963-3FB1-47EB-8A54-C3C00B07286A}.Release|Any CPU.ActiveCfg = Release|Any CPU
		{1B1BE963-3FB1-47EB-8A54-C3C00B07286A}.Release|Any CPU.Build.0 = Release|Any CPU
		{1B1BE963-3FB1-47EB-8A54-C3C00B07286A}.Release|x64.ActiveCfg = Release|Any CPU
		{1B1BE963-3FB1-47EB-8A54-C3C00B07286A}.Release|x64.Build.0 = Release|Any CPU
		{1B1BE963-3FB1-47EB-8A54-C3C00B07286A}.Release|x86.ActiveCfg = Release|Any CPU
		{1B1BE963-3FB1-47EB-8A54-C3C00B07286A}.Release|x86.Build.0 = Release|Any CPU
		{576980E2-39C6-448D-BD14-1EA153C696A5}.Debug|Any CPU.ActiveCfg = Debug|Any CPU
		{576980E2-39C6-448D-BD14-1EA153C696A5}.Debug|Any CPU.Build.0 = Debug|Any CPU
		{576980E2-39C6-448D-BD14-1EA153C696A5}.Debug|x64.ActiveCfg = Debug|Any CPU
		{576980E2-39C6-448D-BD14-1EA153C696A5}.Debug|x64.Build.0 = Debug|Any CPU
		{576980E2-39C6-448D-BD14-1EA153C696A5}.Debug|x86.ActiveCfg = Debug|Any CPU
		{576980E2-39C6-448D-BD14-1EA153C696A5}.Debug|x86.Build.0 = Debug|Any CPU
		{576980E2-39C6-448D-BD14-1EA153C696A5}.Release|Any CPU.ActiveCfg = Release|Any CPU
		{576980E2-39C6-448D-BD14-1EA153C696A5}.Release|Any CPU.Build.0 = Release|Any CPU
		{576980E2-39C6-448D-BD14-1EA153C696A5}.Release|x64.ActiveCfg = Release|Any CPU
		{576980E2-39C6-448D-BD14-1EA153C696A5}.Release|x64.Build.0 = Release|Any CPU
		{576980E2-39C6-448D-BD14-1EA153C696A5}.Release|x86.ActiveCfg = Release|Any CPU
		{576980E2-39C6-448D-BD14-1EA153C696A5}.Release|x86.Build.0 = Release|Any CPU
		{555864BF-C055-4DE6-BDE0-DC60D4CBD585}.Debug|Any CPU.ActiveCfg = Debug|Any CPU
		{555864BF-C055-4DE6-BDE0-DC60D4CBD585}.Debug|Any CPU.Build.0 = Debug|Any CPU
		{555864BF-C055-4DE6-BDE0-DC60D4CBD585}.Debug|x64.ActiveCfg = Debug|Any CPU
		{555864BF-C055-4DE6-BDE0-DC60D4CBD585}.Debug|x64.Build.0 = Debug|Any CPU
		{555864BF-C055-4DE6-BDE0-DC60D4CBD585}.Debug|x86.ActiveCfg = Debug|Any CPU
		{555864BF-C055-4DE6-BDE0-DC60D4CBD585}.Debug|x86.Build.0 = Debug|Any CPU
		{555864BF-C055-4DE6-BDE0-DC60D4CBD585}.Release|Any CPU.ActiveCfg = Release|Any CPU
		{555864BF-C055-4DE6-BDE0-DC60D4CBD585}.Release|Any CPU.Build.0 = Release|Any CPU
		{555864BF-C055-4DE6-BDE0-DC60D4CBD585}.Release|x64.ActiveCfg = Release|Any CPU
		{555864BF-C055-4DE6-BDE0-DC60D4CBD585}.Release|x64.Build.0 = Release|Any CPU
		{555864BF-C055-4DE6-BDE0-DC60D4CBD585}.Release|x86.ActiveCfg = Release|Any CPU
		{555864BF-C055-4DE6-BDE0-DC60D4CBD585}.Release|x86.Build.0 = Release|Any CPU
		{98F4A0A3-3535-4D89-B759-CB6C1197DB59}.Debug|Any CPU.ActiveCfg = Debug|Any CPU
		{98F4A0A3-3535-4D89-B759-CB6C1197DB59}.Debug|Any CPU.Build.0 = Debug|Any CPU
		{98F4A0A3-3535-4D89-B759-CB6C1197DB59}.Debug|x64.ActiveCfg = Debug|Any CPU
		{98F4A0A3-3535-4D89-B759-CB6C1197DB59}.Debug|x64.Build.0 = Debug|Any CPU
		{98F4A0A3-3535-4D89-B759-CB6C1197DB59}.Debug|x86.ActiveCfg = Debug|Any CPU
		{98F4A0A3-3535-4D89-B759-CB6C1197DB59}.Debug|x86.Build.0 = Debug|Any CPU
		{98F4A0A3-3535-4D89-B759-CB6C1197DB59}.Release|Any CPU.ActiveCfg = Release|Any CPU
		{98F4A0A3-3535-4D89-B759-CB6C1197DB59}.Release|Any CPU.Build.0 = Release|Any CPU
		{98F4A0A3-3535-4D89-B759-CB6C1197DB59}.Release|x64.ActiveCfg = Release|Any CPU
		{98F4A0A3-3535-4D89-B759-CB6C1197DB59}.Release|x64.Build.0 = Release|Any CPU
		{98F4A0A3-3535-4D89-B759-CB6C1197DB59}.Release|x86.ActiveCfg = Release|Any CPU
		{98F4A0A3-3535-4D89-B759-CB6C1197DB59}.Release|x86.Build.0 = Release|Any CPU
		{559929FE-298B-4D16-AF8E-1E5F4AE95AA5}.Debug|Any CPU.ActiveCfg = Debug|Any CPU
		{559929FE-298B-4D16-AF8E-1E5F4AE95AA5}.Debug|Any CPU.Build.0 = Debug|Any CPU
		{559929FE-298B-4D16-AF8E-1E5F4AE95AA5}.Debug|x64.ActiveCfg = Debug|Any CPU
		{559929FE-298B-4D16-AF8E-1E5F4AE95AA5}.Debug|x64.Build.0 = Debug|Any CPU
		{559929FE-298B-4D16-AF8E-1E5F4AE95AA5}.Debug|x86.ActiveCfg = Debug|Any CPU
		{559929FE-298B-4D16-AF8E-1E5F4AE95AA5}.Debug|x86.Build.0 = Debug|Any CPU
		{559929FE-298B-4D16-AF8E-1E5F4AE95AA5}.Release|Any CPU.ActiveCfg = Release|Any CPU
		{559929FE-298B-4D16-AF8E-1E5F4AE95AA5}.Release|Any CPU.Build.0 = Release|Any CPU
		{559929FE-298B-4D16-AF8E-1E5F4AE95AA5}.Release|x64.ActiveCfg = Release|Any CPU
		{559929FE-298B-4D16-AF8E-1E5F4AE95AA5}.Release|x64.Build.0 = Release|Any CPU
		{559929FE-298B-4D16-AF8E-1E5F4AE95AA5}.Release|x86.ActiveCfg = Release|Any CPU
		{559929FE-298B-4D16-AF8E-1E5F4AE95AA5}.Release|x86.Build.0 = Release|Any CPU
		{9B84D9BB-0C3F-4D88-B33D-54BC373D9678}.Debug|Any CPU.ActiveCfg = Debug|Any CPU
		{9B84D9BB-0C3F-4D88-B33D-54BC373D9678}.Debug|Any CPU.Build.0 = Debug|Any CPU
		{9B84D9BB-0C3F-4D88-B33D-54BC373D9678}.Debug|x64.ActiveCfg = Debug|Any CPU
		{9B84D9BB-0C3F-4D88-B33D-54BC373D9678}.Debug|x64.Build.0 = Debug|Any CPU
		{9B84D9BB-0C3F-4D88-B33D-54BC373D9678}.Debug|x86.ActiveCfg = Debug|Any CPU
		{9B84D9BB-0C3F-4D88-B33D-54BC373D9678}.Debug|x86.Build.0 = Debug|Any CPU
		{9B84D9BB-0C3F-4D88-B33D-54BC373D9678}.Release|Any CPU.ActiveCfg = Release|Any CPU
		{9B84D9BB-0C3F-4D88-B33D-54BC373D9678}.Release|Any CPU.Build.0 = Release|Any CPU
		{9B84D9BB-0C3F-4D88-B33D-54BC373D9678}.Release|x64.ActiveCfg = Release|Any CPU
		{9B84D9BB-0C3F-4D88-B33D-54BC373D9678}.Release|x64.Build.0 = Release|Any CPU
		{9B84D9BB-0C3F-4D88-B33D-54BC373D9678}.Release|x86.ActiveCfg = Release|Any CPU
		{9B84D9BB-0C3F-4D88-B33D-54BC373D9678}.Release|x86.Build.0 = Release|Any CPU
		{21ECA298-FAA9-4D48-9039-27C1768C85E8}.Debug|Any CPU.ActiveCfg = Debug|Any CPU
		{21ECA298-FAA9-4D48-9039-27C1768C85E8}.Debug|Any CPU.Build.0 = Debug|Any CPU
		{21ECA298-FAA9-4D48-9039-27C1768C85E8}.Debug|x64.ActiveCfg = Debug|Any CPU
		{21ECA298-FAA9-4D48-9039-27C1768C85E8}.Debug|x64.Build.0 = Debug|Any CPU
		{21ECA298-FAA9-4D48-9039-27C1768C85E8}.Debug|x86.ActiveCfg = Debug|Any CPU
		{21ECA298-FAA9-4D48-9039-27C1768C85E8}.Debug|x86.Build.0 = Debug|Any CPU
		{21ECA298-FAA9-4D48-9039-27C1768C85E8}.Release|Any CPU.ActiveCfg = Release|Any CPU
		{21ECA298-FAA9-4D48-9039-27C1768C85E8}.Release|Any CPU.Build.0 = Release|Any CPU
		{21ECA298-FAA9-4D48-9039-27C1768C85E8}.Release|x64.ActiveCfg = Release|Any CPU
		{21ECA298-FAA9-4D48-9039-27C1768C85E8}.Release|x64.Build.0 = Release|Any CPU
		{21ECA298-FAA9-4D48-9039-27C1768C85E8}.Release|x86.ActiveCfg = Release|Any CPU
		{21ECA298-FAA9-4D48-9039-27C1768C85E8}.Release|x86.Build.0 = Release|Any CPU
		{5662201F-BB43-4E17-A013-32EADB24B500}.Debug|Any CPU.ActiveCfg = Debug|Any CPU
		{5662201F-BB43-4E17-A013-32EADB24B500}.Debug|Any CPU.Build.0 = Debug|Any CPU
		{5662201F-BB43-4E17-A013-32EADB24B500}.Debug|x64.ActiveCfg = Debug|Any CPU
		{5662201F-BB43-4E17-A013-32EADB24B500}.Debug|x64.Build.0 = Debug|Any CPU
		{5662201F-BB43-4E17-A013-32EADB24B500}.Debug|x86.ActiveCfg = Debug|Any CPU
		{5662201F-BB43-4E17-A013-32EADB24B500}.Debug|x86.Build.0 = Debug|Any CPU
		{5662201F-BB43-4E17-A013-32EADB24B500}.Release|Any CPU.ActiveCfg = Release|Any CPU
		{5662201F-BB43-4E17-A013-32EADB24B500}.Release|Any CPU.Build.0 = Release|Any CPU
		{5662201F-BB43-4E17-A013-32EADB24B500}.Release|x64.ActiveCfg = Release|Any CPU
		{5662201F-BB43-4E17-A013-32EADB24B500}.Release|x64.Build.0 = Release|Any CPU
		{5662201F-BB43-4E17-A013-32EADB24B500}.Release|x86.ActiveCfg = Release|Any CPU
		{5662201F-BB43-4E17-A013-32EADB24B500}.Release|x86.Build.0 = Release|Any CPU
	EndGlobalSection
	GlobalSection(SolutionProperties) = preSolution
		HideSolutionNode = FALSE
	EndGlobalSection
	GlobalSection(NestedProjects) = preSolution
		{C60D43C5-7F60-4635-8C44-EC2401DDD68B} = {827E0CD3-B72D-47B6-A68D-7590B98EB39B}
		{EC447DCF-ABFA-6E24-52A5-D7FD48A5C558} = {827E0CD3-B72D-47B6-A68D-7590B98EB39B}
		{3C150E7D-5587-4752-862C-B559E4DF4A55} = {0AB3BF05-4346-4AA6-1389-037BE0695223}
		{1B1BE963-3FB1-47EB-8A54-C3C00B07286A} = {0AB3BF05-4346-4AA6-1389-037BE0695223}
		{77FBDE53-8D44-90B5-FAEA-4C38D60C667E} = {EC447DCF-ABFA-6E24-52A5-D7FD48A5C558}
		{576980E2-39C6-448D-BD14-1EA153C696A5} = {77FBDE53-8D44-90B5-FAEA-4C38D60C667E}
		{98F4A0A3-3535-4D89-B759-CB6C1197DB59} = {77FBDE53-8D44-90B5-FAEA-4C38D60C667E}
		{559929FE-298B-4D16-AF8E-1E5F4AE95AA5} = {77FBDE53-8D44-90B5-FAEA-4C38D60C667E}
		{DEF05D85-86F1-393F-22F4-9251153583D2} = {EC447DCF-ABFA-6E24-52A5-D7FD48A5C558}
		{9B84D9BB-0C3F-4D88-B33D-54BC373D9678} = {DEF05D85-86F1-393F-22F4-9251153583D2}
		{21ECA298-FAA9-4D48-9039-27C1768C85E8} = {DEF05D85-86F1-393F-22F4-9251153583D2}
		{5662201F-BB43-4E17-A013-32EADB24B500} = {DEF05D85-86F1-393F-22F4-9251153583D2}
	EndGlobalSection
EndGlobal
