
Microsoft Visual Studio Solution File, Format Version 12.00
# Visual Studio Version 17
VisualStudioVersion = 17.0.31903.59
MinimumVisualStudioVersion = 10.0.40219.1
Project("{FAE04EC0-301F-11D3-BF4B-00C04F79EFBC}") = "NetMX.Core", "NetMX.Core\NetMX.Core.csproj", "{595699F1-002E-44BB-93FB-73C0C530972D}"
EndProject
Project("{FAE04EC0-301F-11D3-BF4B-00C04F79EFBC}") = "NetMX.Ddd.Domain", "NetMX.Ddd.Domain\NetMX.Ddd.Domain.csproj", "{22090A27-C4B6-41AA-83AC-C850356AE504}"
EndProject
Project("{FAE04EC0-301F-11D3-BF4B-00C04F79EFBC}") = "NetMX.Ddd.Application.Contracts", "NetMX.Ddd.Application.Contracts\NetMX.Ddd.Application.Contracts.csproj", "{EB93E647-8003-4D91-94ED-B00E58ACABE2}"
EndProject
Project("{FAE04EC0-301F-11D3-BF4B-00C04F79EFBC}") = "NetMX.Ddd.Application", "NetMX.Ddd.Application\NetMX.Ddd.Application.csproj", "{79EE52EB-82FB-4FA9-8E8E-B791D5FB9023}"
EndProject
Project("{FAE04EC0-301F-11D3-BF4B-00C04F79EFBC}") = "NetMX.Data", "NetMX.Data\NetMX.Data.csproj", "{379DC27D-C911-4D58-A1AE-DC9F7DC10401}"
EndProject
Project("{FAE04EC0-301F-11D3-BF4B-00C04F79EFBC}") = "NetMX.EntityFrameworkCore", "NetMX.EntityFrameworkCore\NetMX.EntityFrameworkCore.csproj", "{BB51F95B-C5CA-4923-99CA-2D16FB54AA71}"
EndProject
Project("{FAE04EC0-301F-11D3-BF4B-00C04F79EFBC}") = "NetMX.AspNetCore.Core", "NetMX.AspNetCore.Core\NetMX.AspNetCore.Core.csproj", "{73D3244D-019A-40A2-A724-2D3C874121CA}"
EndProject
Project("{FAE04EC0-301F-11D3-BF4B-00C04F79EFBC}") = "NetMX.AspNetCore.Mvc", "NetMX.AspNetCore.Mvc\NetMX.AspNetCore.Mvc.csproj", "{FA68340C-487A-4CED-A0C8-64771BD2DF64}"
EndProject
Project("{FAE04EC0-301F-11D3-BF4B-00C04F79EFBC}") = "NetMX.CLI", "..\tools\NetMX.CLI\NetMX.CLI.csproj", "{02995A0F-8E8B-4177-A5A4-4442E51654B9}"
EndProject
Project("{FAE04EC0-301F-11D3-BF4B-00C04F79EFBC}") = "NetMX.Htmx", "NetMX.Htmx\NetMX.Htmx.csproj", "{C51E40C9-1692-4F06-B55F-5234E7D904DE}"
EndProject
Project("{FAE04EC0-301F-11D3-BF4B-00C04F79EFBC}") = "NetMX.Ddd.Application.Tests", "NetMX.Ddd.Application.Tests\NetMX.Ddd.Application.Tests.csproj", "{74C80E66-0644-4D76-832F-53BCF1046649}"
EndProject
Project("{FAE04EC0-301F-11D3-BF4B-00C04F79EFBC}") = "NetMX.EntityFrameworkCore.Tests", "NetMX.EntityFrameworkCore.Tests\NetMX.EntityFrameworkCore.Tests.csproj", "{B7C065C0-C83C-4909-82C3-2126D126A95B}"
EndProject
Project("{FAE04EC0-301F-11D3-BF4B-00C04F79EFBC}") = "NetMX.AspNetCore.Core.Tests", "NetMX.AspNetCore.Core.Tests\NetMX.AspNetCore.Core.Tests.csproj", "{421D9E79-7EC3-4C7D-9DBF-1400D75BEEF8}"
EndProject
Project("{FAE04EC0-301F-11D3-BF4B-00C04F79EFBC}") = "NetMX.AspNetCore.Mvc.Tests", "NetMX.AspNetCore.Mvc.Tests\NetMX.AspNetCore.Mvc.Tests.csproj", "{5FC559C6-E102-4672-95AE-37455D886E58}"
EndProject
Project("{FAE04EC0-301F-11D3-BF4B-00C04F79EFBC}") = "NetMX.Events", "NetMX.Events\NetMX.Events.csproj", "{0E57376C-0439-4E7A-BA0B-3A5E16C3A705}"
EndProject
Project("{FAE04EC0-301F-11D3-BF4B-00C04F79EFBC}") = "NetMX.Core.Tests", "NetMX.Core.Tests\NetMX.Core.Tests.csproj", "{1B656CDC-64FB-43F3-9FDC-85935BD42A3D}"
EndProject
Project("{FAE04EC0-301F-11D3-BF4B-00C04F79EFBC}") = "NetMX.Testing", "NetMX.Testing\NetMX.Testing.csproj", "{35EEC5FE-6F11-42FD-ABF2-EFB8DC51F070}"
EndProject
Global
	GlobalSection(SolutionConfigurationPlatforms) = preSolution
		Debug|Any CPU = Debug|Any CPU
		Debug|x64 = Debug|x64
		Debug|x86 = Debug|x86
		Release|Any CPU = Release|Any CPU
		Release|x64 = Release|x64
		Release|x86 = Release|x86
	EndGlobalSection
	GlobalSection(ProjectConfigurationPlatforms) = postSolution
		{595699F1-002E-44BB-93FB-73C0C530972D}.Debug|Any CPU.ActiveCfg = Debug|Any CPU
		{595699F1-002E-44BB-93FB-73C0C530972D}.Debug|Any CPU.Build.0 = Debug|Any CPU
		{595699F1-002E-44BB-93FB-73C0C530972D}.Debug|x64.ActiveCfg = Debug|Any CPU
		{595699F1-002E-44BB-93FB-73C0C530972D}.Debug|x64.Build.0 = Debug|Any CPU
		{595699F1-002E-44BB-93FB-73C0C530972D}.Debug|x86.ActiveCfg = Debug|Any CPU
		{595699F1-002E-44BB-93FB-73C0C530972D}.Debug|x86.Build.0 = Debug|Any CPU
		{595699F1-002E-44BB-93FB-73C0C530972D}.Release|Any CPU.ActiveCfg = Release|Any CPU
		{595699F1-002E-44BB-93FB-73C0C530972D}.Release|Any CPU.Build.0 = Release|Any CPU
		{595699F1-002E-44BB-93FB-73C0C530972D}.Release|x64.ActiveCfg = Release|Any CPU
		{595699F1-002E-44BB-93FB-73C0C530972D}.Release|x64.Build.0 = Release|Any CPU
		{595699F1-002E-44BB-93FB-73C0C530972D}.Release|x86.ActiveCfg = Release|Any CPU
		{595699F1-002E-44BB-93FB-73C0C530972D}.Release|x86.Build.0 = Release|Any CPU
		{22090A27-C4B6-41AA-83AC-C850356AE504}.Debug|Any CPU.ActiveCfg = Debug|Any CPU
		{22090A27-C4B6-41AA-83AC-C850356AE504}.Debug|Any CPU.Build.0 = Debug|Any CPU
		{22090A27-C4B6-41AA-83AC-C850356AE504}.Debug|x64.ActiveCfg = Debug|Any CPU
		{22090A27-C4B6-41AA-83AC-C850356AE504}.Debug|x64.Build.0 = Debug|Any CPU
		{22090A27-C4B6-41AA-83AC-C850356AE504}.Debug|x86.ActiveCfg = Debug|Any CPU
		{22090A27-C4B6-41AA-83AC-C850356AE504}.Debug|x86.Build.0 = Debug|Any CPU
		{22090A27-C4B6-41AA-83AC-C850356AE504}.Release|Any CPU.ActiveCfg = Release|Any CPU
		{22090A27-C4B6-41AA-83AC-C850356AE504}.Release|Any CPU.Build.0 = Release|Any CPU
		{22090A27-C4B6-41AA-83AC-C850356AE504}.Release|x64.ActiveCfg = Release|Any CPU
		{22090A27-C4B6-41AA-83AC-C850356AE504}.Release|x64.Build.0 = Release|Any CPU
		{22090A27-C4B6-41AA-83AC-C850356AE504}.Release|x86.ActiveCfg = Release|Any CPU
		{22090A27-C4B6-41AA-83AC-C850356AE504}.Release|x86.Build.0 = Release|Any CPU
		{EB93E647-8003-4D91-94ED-B00E58ACABE2}.Debug|Any CPU.ActiveCfg = Debug|Any CPU
		{EB93E647-8003-4D91-94ED-B00E58ACABE2}.Debug|Any CPU.Build.0 = Debug|Any CPU
		{EB93E647-8003-4D91-94ED-B00E58ACABE2}.Debug|x64.ActiveCfg = Debug|Any CPU
		{EB93E647-8003-4D91-94ED-B00E58ACABE2}.Debug|x64.Build.0 = Debug|Any CPU
		{EB93E647-8003-4D91-94ED-B00E58ACABE2}.Debug|x86.ActiveCfg = Debug|Any CPU
		{EB93E647-8003-4D91-94ED-B00E58ACABE2}.Debug|x86.Build.0 = Debug|Any CPU
		{EB93E647-8003-4D91-94ED-B00E58ACABE2}.Release|Any CPU.ActiveCfg = Release|Any CPU
		{EB93E647-8003-4D91-94ED-B00E58ACABE2}.Release|Any CPU.Build.0 = Release|Any CPU
		{EB93E647-8003-4D91-94ED-B00E58ACABE2}.Release|x64.ActiveCfg = Release|Any CPU
		{EB93E647-8003-4D91-94ED-B00E58ACABE2}.Release|x64.Build.0 = Release|Any CPU
		{EB93E647-8003-4D91-94ED-B00E58ACABE2}.Release|x86.ActiveCfg = Release|Any CPU
		{EB93E647-8003-4D91-94ED-B00E58ACABE2}.Release|x86.Build.0 = Release|Any CPU
		{79EE52EB-82FB-4FA9-8E8E-B791D5FB9023}.Debug|Any CPU.ActiveCfg = Debug|Any CPU
		{79EE52EB-82FB-4FA9-8E8E-B791D5FB9023}.Debug|Any CPU.Build.0 = Debug|Any CPU
		{79EE52EB-82FB-4FA9-8E8E-B791D5FB9023}.Debug|x64.ActiveCfg = Debug|Any CPU
		{79EE52EB-82FB-4FA9-8E8E-B791D5FB9023}.Debug|x64.Build.0 = Debug|Any CPU
		{79EE52EB-82FB-4FA9-8E8E-B791D5FB9023}.Debug|x86.ActiveCfg = Debug|Any CPU
		{79EE52EB-82FB-4FA9-8E8E-B791D5FB9023}.Debug|x86.Build.0 = Debug|Any CPU
		{79EE52EB-82FB-4FA9-8E8E-B791D5FB9023}.Release|Any CPU.ActiveCfg = Release|Any CPU
		{79EE52EB-82FB-4FA9-8E8E-B791D5FB9023}.Release|Any CPU.Build.0 = Release|Any CPU
		{79EE52EB-82FB-4FA9-8E8E-B791D5FB9023}.Release|x64.ActiveCfg = Release|Any CPU
		{79EE52EB-82FB-4FA9-8E8E-B791D5FB9023}.Release|x64.Build.0 = Release|Any CPU
		{79EE52EB-82FB-4FA9-8E8E-B791D5FB9023}.Release|x86.ActiveCfg = Release|Any CPU
		{79EE52EB-82FB-4FA9-8E8E-B791D5FB9023}.Release|x86.Build.0 = Release|Any CPU
		{379DC27D-C911-4D58-A1AE-DC9F7DC10401}.Debug|Any CPU.ActiveCfg = Debug|Any CPU
		{379DC27D-C911-4D58-A1AE-DC9F7DC10401}.Debug|Any CPU.Build.0 = Debug|Any CPU
		{379DC27D-C911-4D58-A1AE-DC9F7DC10401}.Debug|x64.ActiveCfg = Debug|Any CPU
		{379DC27D-C911-4D58-A1AE-DC9F7DC10401}.Debug|x64.Build.0 = Debug|Any CPU
		{379DC27D-C911-4D58-A1AE-DC9F7DC10401}.Debug|x86.ActiveCfg = Debug|Any CPU
		{379DC27D-C911-4D58-A1AE-DC9F7DC10401}.Debug|x86.Build.0 = Debug|Any CPU
		{379DC27D-C911-4D58-A1AE-DC9F7DC10401}.Release|Any CPU.ActiveCfg = Release|Any CPU
		{379DC27D-C911-4D58-A1AE-DC9F7DC10401}.Release|Any CPU.Build.0 = Release|Any CPU
		{379DC27D-C911-4D58-A1AE-DC9F7DC10401}.Release|x64.ActiveCfg = Release|Any CPU
		{379DC27D-C911-4D58-A1AE-DC9F7DC10401}.Release|x64.Build.0 = Release|Any CPU
		{379DC27D-C911-4D58-A1AE-DC9F7DC10401}.Release|x86.ActiveCfg = Release|Any CPU
		{379DC27D-C911-4D58-A1AE-DC9F7DC10401}.Release|x86.Build.0 = Release|Any CPU
		{BB51F95B-C5CA-4923-99CA-2D16FB54AA71}.Debug|Any CPU.ActiveCfg = Debug|Any CPU
		{BB51F95B-C5CA-4923-99CA-2D16FB54AA71}.Debug|Any CPU.Build.0 = Debug|Any CPU
		{BB51F95B-C5CA-4923-99CA-2D16FB54AA71}.Debug|x64.ActiveCfg = Debug|Any CPU
		{BB51F95B-C5CA-4923-99CA-2D16FB54AA71}.Debug|x64.Build.0 = Debug|Any CPU
		{BB51F95B-C5CA-4923-99CA-2D16FB54AA71}.Debug|x86.ActiveCfg = Debug|Any CPU
		{BB51F95B-C5CA-4923-99CA-2D16FB54AA71}.Debug|x86.Build.0 = Debug|Any CPU
		{BB51F95B-C5CA-4923-99CA-2D16FB54AA71}.Release|Any CPU.ActiveCfg = Release|Any CPU
		{BB51F95B-C5CA-4923-99CA-2D16FB54AA71}.Release|Any CPU.Build.0 = Release|Any CPU
		{BB51F95B-C5CA-4923-99CA-2D16FB54AA71}.Release|x64.ActiveCfg = Release|Any CPU
		{BB51F95B-C5CA-4923-99CA-2D16FB54AA71}.Release|x64.Build.0 = Release|Any CPU
		{BB51F95B-C5CA-4923-99CA-2D16FB54AA71}.Release|x86.ActiveCfg = Release|Any CPU
		{BB51F95B-C5CA-4923-99CA-2D16FB54AA71}.Release|x86.Build.0 = Release|Any CPU
		{73D3244D-019A-40A2-A724-2D3C874121CA}.Debug|Any CPU.ActiveCfg = Debug|Any CPU
		{73D3244D-019A-40A2-A724-2D3C874121CA}.Debug|Any CPU.Build.0 = Debug|Any CPU
		{73D3244D-019A-40A2-A724-2D3C874121CA}.Debug|x64.ActiveCfg = Debug|Any CPU
		{73D3244D-019A-40A2-A724-2D3C874121CA}.Debug|x64.Build.0 = Debug|Any CPU
		{73D3244D-019A-40A2-A724-2D3C874121CA}.Debug|x86.ActiveCfg = Debug|Any CPU
		{73D3244D-019A-40A2-A724-2D3C874121CA}.Debug|x86.Build.0 = Debug|Any CPU
		{73D3244D-019A-40A2-A724-2D3C874121CA}.Release|Any CPU.ActiveCfg = Release|Any CPU
		{73D3244D-019A-40A2-A724-2D3C874121CA}.Release|Any CPU.Build.0 = Release|Any CPU
		{73D3244D-019A-40A2-A724-2D3C874121CA}.Release|x64.ActiveCfg = Release|Any CPU
		{73D3244D-019A-40A2-A724-2D3C874121CA}.Release|x64.Build.0 = Release|Any CPU
		{73D3244D-019A-40A2-A724-2D3C874121CA}.Release|x86.ActiveCfg = Release|Any CPU
		{73D3244D-019A-40A2-A724-2D3C874121CA}.Release|x86.Build.0 = Release|Any CPU
		{FA68340C-487A-4CED-A0C8-64771BD2DF64}.Debug|Any CPU.ActiveCfg = Debug|Any CPU
		{FA68340C-487A-4CED-A0C8-64771BD2DF64}.Debug|Any CPU.Build.0 = Debug|Any CPU
		{FA68340C-487A-4CED-A0C8-64771BD2DF64}.Debug|x64.ActiveCfg = Debug|Any CPU
		{FA68340C-487A-4CED-A0C8-64771BD2DF64}.Debug|x64.Build.0 = Debug|Any CPU
		{FA68340C-487A-4CED-A0C8-64771BD2DF64}.Debug|x86.ActiveCfg = Debug|Any CPU
		{FA68340C-487A-4CED-A0C8-64771BD2DF64}.Debug|x86.Build.0 = Debug|Any CPU
		{FA68340C-487A-4CED-A0C8-64771BD2DF64}.Release|Any CPU.ActiveCfg = Release|Any CPU
		{FA68340C-487A-4CED-A0C8-64771BD2DF64}.Release|Any CPU.Build.0 = Release|Any CPU
		{FA68340C-487A-4CED-A0C8-64771BD2DF64}.Release|x64.ActiveCfg = Release|Any CPU
		{FA68340C-487A-4CED-A0C8-64771BD2DF64}.Release|x64.Build.0 = Release|Any CPU
		{FA68340C-487A-4CED-A0C8-64771BD2DF64}.Release|x86.ActiveCfg = Release|Any CPU
		{FA68340C-487A-4CED-A0C8-64771BD2DF64}.Release|x86.Build.0 = Release|Any CPU
		{02995A0F-8E8B-4177-A5A4-4442E51654B9}.Debug|Any CPU.ActiveCfg = Debug|Any CPU
		{02995A0F-8E8B-4177-A5A4-4442E51654B9}.Debug|Any CPU.Build.0 = Debug|Any CPU
		{02995A0F-8E8B-4177-A5A4-4442E51654B9}.Debug|x64.ActiveCfg = Debug|Any CPU
		{02995A0F-8E8B-4177-A5A4-4442E51654B9}.Debug|x64.Build.0 = Debug|Any CPU
		{02995A0F-8E8B-4177-A5A4-4442E51654B9}.Debug|x86.ActiveCfg = Debug|Any CPU
		{02995A0F-8E8B-4177-A5A4-4442E51654B9}.Debug|x86.Build.0 = Debug|Any CPU
		{02995A0F-8E8B-4177-A5A4-4442E51654B9}.Release|Any CPU.ActiveCfg = Release|Any CPU
		{02995A0F-8E8B-4177-A5A4-4442E51654B9}.Release|Any CPU.Build.0 = Release|Any CPU
		{02995A0F-8E8B-4177-A5A4-4442E51654B9}.Release|x64.ActiveCfg = Release|Any CPU
		{02995A0F-8E8B-4177-A5A4-4442E51654B9}.Release|x64.Build.0 = Release|Any CPU
		{02995A0F-8E8B-4177-A5A4-4442E51654B9}.Release|x86.ActiveCfg = Release|Any CPU
		{02995A0F-8E8B-4177-A5A4-4442E51654B9}.Release|x86.Build.0 = Release|Any CPU
		{C51E40C9-1692-4F06-B55F-5234E7D904DE}.Debug|Any CPU.ActiveCfg = Debug|Any CPU
		{C51E40C9-1692-4F06-B55F-5234E7D904DE}.Debug|Any CPU.Build.0 = Debug|Any CPU
		{C51E40C9-1692-4F06-B55F-5234E7D904DE}.Debug|x64.ActiveCfg = Debug|Any CPU
		{C51E40C9-1692-4F06-B55F-5234E7D904DE}.Debug|x64.Build.0 = Debug|Any CPU
		{C51E40C9-1692-4F06-B55F-5234E7D904DE}.Debug|x86.ActiveCfg = Debug|Any CPU
		{C51E40C9-1692-4F06-B55F-5234E7D904DE}.Debug|x86.Build.0 = Debug|Any CPU
		{C51E40C9-1692-4F06-B55F-5234E7D904DE}.Release|Any CPU.ActiveCfg = Release|Any CPU
		{C51E40C9-1692-4F06-B55F-5234E7D904DE}.Release|Any CPU.Build.0 = Release|Any CPU
		{C51E40C9-1692-4F06-B55F-5234E7D904DE}.Release|x64.ActiveCfg = Release|Any CPU
		{C51E40C9-1692-4F06-B55F-5234E7D904DE}.Release|x64.Build.0 = Release|Any CPU
		{C51E40C9-1692-4F06-B55F-5234E7D904DE}.Release|x86.ActiveCfg = Release|Any CPU
		{C51E40C9-1692-4F06-B55F-5234E7D904DE}.Release|x86.Build.0 = Release|Any CPU
		{74C80E66-0644-4D76-832F-53BCF1046649}.Debug|Any CPU.ActiveCfg = Debug|Any CPU
		{74C80E66-0644-4D76-832F-53BCF1046649}.Debug|Any CPU.Build.0 = Debug|Any CPU
		{74C80E66-0644-4D76-832F-53BCF1046649}.Debug|x64.ActiveCfg = Debug|Any CPU
		{74C80E66-0644-4D76-832F-53BCF1046649}.Debug|x64.Build.0 = Debug|Any CPU
		{74C80E66-0644-4D76-832F-53BCF1046649}.Debug|x86.ActiveCfg = Debug|Any CPU
		{74C80E66-0644-4D76-832F-53BCF1046649}.Debug|x86.Build.0 = Debug|Any CPU
		{74C80E66-0644-4D76-832F-53BCF1046649}.Release|Any CPU.ActiveCfg = Release|Any CPU
		{74C80E66-0644-4D76-832F-53BCF1046649}.Release|Any CPU.Build.0 = Release|Any CPU
		{74C80E66-0644-4D76-832F-53BCF1046649}.Release|x64.ActiveCfg = Release|Any CPU
		{74C80E66-0644-4D76-832F-53BCF1046649}.Release|x64.Build.0 = Release|Any CPU
		{74C80E66-0644-4D76-832F-53BCF1046649}.Release|x86.ActiveCfg = Release|Any CPU
		{74C80E66-0644-4D76-832F-53BCF1046649}.Release|x86.Build.0 = Release|Any CPU
		{B7C065C0-C83C-4909-82C3-2126D126A95B}.Debug|Any CPU.ActiveCfg = Debug|Any CPU
		{B7C065C0-C83C-4909-82C3-2126D126A95B}.Debug|Any CPU.Build.0 = Debug|Any CPU
		{B7C065C0-C83C-4909-82C3-2126D126A95B}.Debug|x64.ActiveCfg = Debug|Any CPU
		{B7C065C0-C83C-4909-82C3-2126D126A95B}.Debug|x64.Build.0 = Debug|Any CPU
		{B7C065C0-C83C-4909-82C3-2126D126A95B}.Debug|x86.ActiveCfg = Debug|Any CPU
		{B7C065C0-C83C-4909-82C3-2126D126A95B}.Debug|x86.Build.0 = Debug|Any CPU
		{B7C065C0-C83C-4909-82C3-2126D126A95B}.Release|Any CPU.ActiveCfg = Release|Any CPU
		{B7C065C0-C83C-4909-82C3-2126D126A95B}.Release|Any CPU.Build.0 = Release|Any CPU
		{B7C065C0-C83C-4909-82C3-2126D126A95B}.Release|x64.ActiveCfg = Release|Any CPU
		{B7C065C0-C83C-4909-82C3-2126D126A95B}.Release|x64.Build.0 = Release|Any CPU
		{B7C065C0-C83C-4909-82C3-2126D126A95B}.Release|x86.ActiveCfg = Release|Any CPU
		{B7C065C0-C83C-4909-82C3-2126D126A95B}.Release|x86.Build.0 = Release|Any CPU
		{421D9E79-7EC3-4C7D-9DBF-1400D75BEEF8}.Debug|Any CPU.ActiveCfg = Debug|Any CPU
		{421D9E79-7EC3-4C7D-9DBF-1400D75BEEF8}.Debug|Any CPU.Build.0 = Debug|Any CPU
		{421D9E79-7EC3-4C7D-9DBF-1400D75BEEF8}.Debug|x64.ActiveCfg = Debug|Any CPU
		{421D9E79-7EC3-4C7D-9DBF-1400D75BEEF8}.Debug|x64.Build.0 = Debug|Any CPU
		{421D9E79-7EC3-4C7D-9DBF-1400D75BEEF8}.Debug|x86.ActiveCfg = Debug|Any CPU
		{421D9E79-7EC3-4C7D-9DBF-1400D75BEEF8}.Debug|x86.Build.0 = Debug|Any CPU
		{421D9E79-7EC3-4C7D-9DBF-1400D75BEEF8}.Release|Any CPU.ActiveCfg = Release|Any CPU
		{421D9E79-7EC3-4C7D-9DBF-1400D75BEEF8}.Release|Any CPU.Build.0 = Release|Any CPU
		{421D9E79-7EC3-4C7D-9DBF-1400D75BEEF8}.Release|x64.ActiveCfg = Release|Any CPU
		{421D9E79-7EC3-4C7D-9DBF-1400D75BEEF8}.Release|x64.Build.0 = Release|Any CPU
		{421D9E79-7EC3-4C7D-9DBF-1400D75BEEF8}.Release|x86.ActiveCfg = Release|Any CPU
		{421D9E79-7EC3-4C7D-9DBF-1400D75BEEF8}.Release|x86.Build.0 = Release|Any CPU
		{5FC559C6-E102-4672-95AE-37455D886E58}.Debug|Any CPU.ActiveCfg = Debug|Any CPU
		{5FC559C6-E102-4672-95AE-37455D886E58}.Debug|Any CPU.Build.0 = Debug|Any CPU
		{5FC559C6-E102-4672-95AE-37455D886E58}.Debug|x64.ActiveCfg = Debug|Any CPU
		{5FC559C6-E102-4672-95AE-37455D886E58}.Debug|x64.Build.0 = Debug|Any CPU
		{5FC559C6-E102-4672-95AE-37455D886E58}.Debug|x86.ActiveCfg = Debug|Any CPU
		{5FC559C6-E102-4672-95AE-37455D886E58}.Debug|x86.Build.0 = Debug|Any CPU
		{5FC559C6-E102-4672-95AE-37455D886E58}.Release|Any CPU.ActiveCfg = Release|Any CPU
		{5FC559C6-E102-4672-95AE-37455D886E58}.Release|Any CPU.Build.0 = Release|Any CPU
		{5FC559C6-E102-4672-95AE-37455D886E58}.Release|x64.ActiveCfg = Release|Any CPU
		{5FC559C6-E102-4672-95AE-37455D886E58}.Release|x64.Build.0 = Release|Any CPU
		{5FC559C6-E102-4672-95AE-37455D886E58}.Release|x86.ActiveCfg = Release|Any CPU
		{5FC559C6-E102-4672-95AE-37455D886E58}.Release|x86.Build.0 = Release|Any CPU
		{0E57376C-0439-4E7A-BA0B-3A5E16C3A705}.Debug|Any CPU.ActiveCfg = Debug|Any CPU
		{0E57376C-0439-4E7A-BA0B-3A5E16C3A705}.Debug|Any CPU.Build.0 = Debug|Any CPU
		{0E57376C-0439-4E7A-BA0B-3A5E16C3A705}.Debug|x64.ActiveCfg = Debug|Any CPU
		{0E57376C-0439-4E7A-BA0B-3A5E16C3A705}.Debug|x64.Build.0 = Debug|Any CPU
		{0E57376C-0439-4E7A-BA0B-3A5E16C3A705}.Debug|x86.ActiveCfg = Debug|Any CPU
		{0E57376C-0439-4E7A-BA0B-3A5E16C3A705}.Debug|x86.Build.0 = Debug|Any CPU
		{0E57376C-0439-4E7A-BA0B-3A5E16C3A705}.Release|Any CPU.ActiveCfg = Release|Any CPU
		{0E57376C-0439-4E7A-BA0B-3A5E16C3A705}.Release|Any CPU.Build.0 = Release|Any CPU
		{0E57376C-0439-4E7A-BA0B-3A5E16C3A705}.Release|x64.ActiveCfg = Release|Any CPU
		{0E57376C-0439-4E7A-BA0B-3A5E16C3A705}.Release|x64.Build.0 = Release|Any CPU
		{0E57376C-0439-4E7A-BA0B-3A5E16C3A705}.Release|x86.ActiveCfg = Release|Any CPU
		{0E57376C-0439-4E7A-BA0B-3A5E16C3A705}.Release|x86.Build.0 = Release|Any CPU
		{1B656CDC-64FB-43F3-9FDC-85935BD42A3D}.Debug|Any CPU.ActiveCfg = Debug|Any CPU
		{1B656CDC-64FB-43F3-9FDC-85935BD42A3D}.Debug|Any CPU.Build.0 = Debug|Any CPU
		{1B656CDC-64FB-43F3-9FDC-85935BD42A3D}.Debug|x64.ActiveCfg = Debug|Any CPU
		{1B656CDC-64FB-43F3-9FDC-85935BD42A3D}.Debug|x64.Build.0 = Debug|Any CPU
		{1B656CDC-64FB-43F3-9FDC-85935BD42A3D}.Debug|x86.ActiveCfg = Debug|Any CPU
		{1B656CDC-64FB-43F3-9FDC-85935BD42A3D}.Debug|x86.Build.0 = Debug|Any CPU
		{1B656CDC-64FB-43F3-9FDC-85935BD42A3D}.Release|Any CPU.ActiveCfg = Release|Any CPU
		{1B656CDC-64FB-43F3-9FDC-85935BD42A3D}.Release|Any CPU.Build.0 = Release|Any CPU
		{1B656CDC-64FB-43F3-9FDC-85935BD42A3D}.Release|x64.ActiveCfg = Release|Any CPU
		{1B656CDC-64FB-43F3-9FDC-85935BD42A3D}.Release|x64.Build.0 = Release|Any CPU
		{1B656CDC-64FB-43F3-9FDC-85935BD42A3D}.Release|x86.ActiveCfg = Release|Any CPU
		{1B656CDC-64FB-43F3-9FDC-85935BD42A3D}.Release|x86.Build.0 = Release|Any CPU
		{35EEC5FE-6F11-42FD-ABF2-EFB8DC51F070}.Debug|Any CPU.ActiveCfg = Debug|Any CPU
		{35EEC5FE-6F11-42FD-ABF2-EFB8DC51F070}.Debug|Any CPU.Build.0 = Debug|Any CPU
		{35EEC5FE-6F11-42FD-ABF2-EFB8DC51F070}.Debug|x64.ActiveCfg = Debug|Any CPU
		{35EEC5FE-6F11-42FD-ABF2-EFB8DC51F070}.Debug|x64.Build.0 = Debug|Any CPU
		{35EEC5FE-6F11-42FD-ABF2-EFB8DC51F070}.Debug|x86.ActiveCfg = Debug|Any CPU
		{35EEC5FE-6F11-42FD-ABF2-EFB8DC51F070}.Debug|x86.Build.0 = Debug|Any CPU
		{35EEC5FE-6F11-42FD-ABF2-EFB8DC51F070}.Release|Any CPU.ActiveCfg = Release|Any CPU
		{35EEC5FE-6F11-42FD-ABF2-EFB8DC51F070}.Release|Any CPU.Build.0 = Release|Any CPU
		{35EEC5FE-6F11-42FD-ABF2-EFB8DC51F070}.Release|x64.ActiveCfg = Release|Any CPU
		{35EEC5FE-6F11-42FD-ABF2-EFB8DC51F070}.Release|x64.Build.0 = Release|Any CPU
		{35EEC5FE-6F11-42FD-ABF2-EFB8DC51F070}.Release|x86.ActiveCfg = Release|Any CPU
		{35EEC5FE-6F11-42FD-ABF2-EFB8DC51F070}.Release|x86.Build.0 = Release|Any CPU
	EndGlobalSection
	GlobalSection(SolutionProperties) = preSolution
		HideSolutionNode = FALSE
	EndGlobalSection
EndGlobal
