
Microsoft Visual Studio Solution File, Format Version 12.00
# Visual Studio Version 17
VisualStudioVersion = 17.0.31903.59
MinimumVisualStudioVersion = 10.0.40219.1
Project("{FAE04EC0-301F-11D3-BF4B-00C04F79EFBC}") = "Audit.Core", "Audit.Core\Audit.Core.csproj", "{47871B01-4A88-4C1A-88ED-4AE361B8CB6B}"
EndProject
Project("{FAE04EC0-301F-11D3-BF4B-00C04F79EFBC}") = "Audit.Contracts", "Audit.Contracts\Audit.Contracts.csproj", "{AF319B7A-5648-4E18-8F21-69C6BD165A87}"
EndProject
Project("{FAE04EC0-301F-11D3-BF4B-00C04F79EFBC}") = "Audit.Application", "Audit.Application\Audit.Application.csproj", "{09E6CA1B-9F0A-4A0E-A5B6-3D7AD65F800C}"
EndProject
Project("{FAE04EC0-301F-11D3-BF4B-00C04F79EFBC}") = "Audit.Web", "Audit.Web\Audit.Web.csproj", "{355BE57F-4C7A-40F1-B811-AB335FAAB8D7}"
EndProject
Global
	GlobalSection(SolutionConfigurationPlatforms) = preSolution
		Debug|Any CPU = Debug|Any CPU
		Debug|x64 = Debug|x64
		Debug|x86 = Debug|x86
		Release|Any CPU = Release|Any CPU
		Release|x64 = Release|x64
		Release|x86 = Release|x86
	EndGlobalSection
	GlobalSection(ProjectConfigurationPlatforms) = postSolution
		{47871B01-4A88-4C1A-88ED-4AE361B8CB6B}.Debug|Any CPU.ActiveCfg = Debug|Any CPU
		{47871B01-4A88-4C1A-88ED-4AE361B8CB6B}.Debug|Any CPU.Build.0 = Debug|Any CPU
		{47871B01-4A88-4C1A-88ED-4AE361B8CB6B}.Debug|x64.ActiveCfg = Debug|Any CPU
		{47871B01-4A88-4C1A-88ED-4AE361B8CB6B}.Debug|x64.Build.0 = Debug|Any CPU
		{47871B01-4A88-4C1A-88ED-4AE361B8CB6B}.Debug|x86.ActiveCfg = Debug|Any CPU
		{47871B01-4A88-4C1A-88ED-4AE361B8CB6B}.Debug|x86.Build.0 = Debug|Any CPU
		{47871B01-4A88-4C1A-88ED-4AE361B8CB6B}.Release|Any CPU.ActiveCfg = Release|Any CPU
		{47871B01-4A88-4C1A-88ED-4AE361B8CB6B}.Release|Any CPU.Build.0 = Release|Any CPU
		{47871B01-4A88-4C1A-88ED-4AE361B8CB6B}.Release|x64.ActiveCfg = Release|Any CPU
		{47871B01-4A88-4C1A-88ED-4AE361B8CB6B}.Release|x64.Build.0 = Release|Any CPU
		{47871B01-4A88-4C1A-88ED-4AE361B8CB6B}.Release|x86.ActiveCfg = Release|Any CPU
		{47871B01-4A88-4C1A-88ED-4AE361B8CB6B}.Release|x86.Build.0 = Release|Any CPU
		{AF319B7A-5648-4E18-8F21-69C6BD165A87}.Debug|Any CPU.ActiveCfg = Debug|Any CPU
		{AF319B7A-5648-4E18-8F21-69C6BD165A87}.Debug|Any CPU.Build.0 = Debug|Any CPU
		{AF319B7A-5648-4E18-8F21-69C6BD165A87}.Debug|x64.ActiveCfg = Debug|Any CPU
		{AF319B7A-5648-4E18-8F21-69C6BD165A87}.Debug|x64.Build.0 = Debug|Any CPU
		{AF319B7A-5648-4E18-8F21-69C6BD165A87}.Debug|x86.ActiveCfg = Debug|Any CPU
		{AF319B7A-5648-4E18-8F21-69C6BD165A87}.Debug|x86.Build.0 = Debug|Any CPU
		{AF319B7A-5648-4E18-8F21-69C6BD165A87}.Release|Any CPU.ActiveCfg = Release|Any CPU
		{AF319B7A-5648-4E18-8F21-69C6BD165A87}.Release|Any CPU.Build.0 = Release|Any CPU
		{AF319B7A-5648-4E18-8F21-69C6BD165A87}.Release|x64.ActiveCfg = Release|Any CPU
		{AF319B7A-5648-4E18-8F21-69C6BD165A87}.Release|x64.Build.0 = Release|Any CPU
		{AF319B7A-5648-4E18-8F21-69C6BD165A87}.Release|x86.ActiveCfg = Release|Any CPU
		{AF319B7A-5648-4E18-8F21-69C6BD165A87}.Release|x86.Build.0 = Release|Any CPU
		{09E6CA1B-9F0A-4A0E-A5B6-3D7AD65F800C}.Debug|Any CPU.ActiveCfg = Debug|Any CPU
		{09E6CA1B-9F0A-4A0E-A5B6-3D7AD65F800C}.Debug|Any CPU.Build.0 = Debug|Any CPU
		{09E6CA1B-9F0A-4A0E-A5B6-3D7AD65F800C}.Debug|x64.ActiveCfg = Debug|Any CPU
		{09E6CA1B-9F0A-4A0E-A5B6-3D7AD65F800C}.Debug|x64.Build.0 = Debug|Any CPU
		{09E6CA1B-9F0A-4A0E-A5B6-3D7AD65F800C}.Debug|x86.ActiveCfg = Debug|Any CPU
		{09E6CA1B-9F0A-4A0E-A5B6-3D7AD65F800C}.Debug|x86.Build.0 = Debug|Any CPU
		{09E6CA1B-9F0A-4A0E-A5B6-3D7AD65F800C}.Release|Any CPU.ActiveCfg = Release|Any CPU
		{09E6CA1B-9F0A-4A0E-A5B6-3D7AD65F800C}.Release|Any CPU.Build.0 = Release|Any CPU
		{09E6CA1B-9F0A-4A0E-A5B6-3D7AD65F800C}.Release|x64.ActiveCfg = Release|Any CPU
		{09E6CA1B-9F0A-4A0E-A5B6-3D7AD65F800C}.Release|x64.Build.0 = Release|Any CPU
		{09E6CA1B-9F0A-4A0E-A5B6-3D7AD65F800C}.Release|x86.ActiveCfg = Release|Any CPU
		{09E6CA1B-9F0A-4A0E-A5B6-3D7AD65F800C}.Release|x86.Build.0 = Release|Any CPU
		{355BE57F-4C7A-40F1-B811-AB335FAAB8D7}.Debug|Any CPU.ActiveCfg = Debug|Any CPU
		{355BE57F-4C7A-40F1-B811-AB335FAAB8D7}.Debug|Any CPU.Build.0 = Debug|Any CPU
		{355BE57F-4C7A-40F1-B811-AB335FAAB8D7}.Debug|x64.ActiveCfg = Debug|Any CPU
		{355BE57F-4C7A-40F1-B811-AB335FAAB8D7}.Debug|x64.Build.0 = Debug|Any CPU
		{355BE57F-4C7A-40F1-B811-AB335FAAB8D7}.Debug|x86.ActiveCfg = Debug|Any CPU
		{355BE57F-4C7A-40F1-B811-AB335FAAB8D7}.Debug|x86.Build.0 = Debug|Any CPU
		{355BE57F-4C7A-40F1-B811-AB335FAAB8D7}.Release|Any CPU.ActiveCfg = Release|Any CPU
		{355BE57F-4C7A-40F1-B811-AB335FAAB8D7}.Release|Any CPU.Build.0 = Release|Any CPU
		{355BE57F-4C7A-40F1-B811-AB335FAAB8D7}.Release|x64.ActiveCfg = Release|Any CPU
		{355BE57F-4C7A-40F1-B811-AB335FAAB8D7}.Release|x64.Build.0 = Release|Any CPU
		{355BE57F-4C7A-40F1-B811-AB335FAAB8D7}.Release|x86.ActiveCfg = Release|Any CPU
		{355BE57F-4C7A-40F1-B811-AB335FAAB8D7}.Release|x86.Build.0 = Release|Any CPU
	EndGlobalSection
	GlobalSection(SolutionProperties) = preSolution
		HideSolutionNode = FALSE
	EndGlobalSection
EndGlobal
